PODS:
  - Action (3.4.0):
    - RxCocoa (~> 4.0)
    - RxSwift (~> 4.0)
  - Differentiator (3.0.2)
  - Kingfisher (4.3.0)
  - NSObject+Rx (4.2.0):
    - RxSwift (~> 4.0)
  - PhoneNumberKit (2.1.0):
    - PhoneNumberKit/PhoneNumberKitCore (= 2.1.0)
    - PhoneNumberKit/UIKit (= 2.1.0)
  - PhoneNumberKit/PhoneNumberKitCore (2.1.0)
  - PhoneNumberKit/UIKit (2.1.0):
    - PhoneNumberKit/PhoneNumberKitCore
  - PromiseKit (4.5.0):
    - PromiseKit/Foundation (= 4.5.0)
    - PromiseKit/QuartzCore (= 4.5.0)
    - PromiseKit/UIKit (= 4.5.0)
  - PromiseKit/CorePromise (4.5.0)
  - PromiseKit/Foundation (4.5.0):
    - PromiseKit/CorePromise
  - PromiseKit/QuartzCore (4.5.0):
    - PromiseKit/CorePromise
  - PromiseKit/UIKit (4.5.0):
    - PromiseKit/CorePromise
  - Realm (3.0.2):
    - Realm/Headers (= 3.0.2)
  - Realm/Headers (3.0.2)
  - RealmSwift (3.0.2):
    - Realm (= 3.0.2)
  - RxCocoa (4.0.0):
    - RxSwift (~> 4.0)
  - RxDataSources (3.0.2):
    - Differentiator (~> 3.0)
    - RxCocoa (~> 4.0)
    - RxSwift (~> 4.0)
  - RxRealm (0.7.4):
    - RealmSwift (~> 3.0)
    - RxSwift (~> 4.0)
  - RxRealmDataSources (0.2.9):
    - RealmSwift (~> 3.0)
    - RxCocoa (~> 4.0)
    - RxRealm (~> 0.7.3)
    - RxSwift (~> 4.0)
  - RxSwift (4.0.0)
  - RxSwiftExt (3.0.0):
    - RxSwiftExt/Core (= 3.0.0)
  - RxSwiftExt/Core (3.0.0):
    - RxSwift (~> 4.0)
  - SnapKit (4.0.0)

DEPENDENCIES:
  - Action
  - Kingfisher (~> 4.0)
  - NSObject+Rx
  - PhoneNumberKit (~> 2.1)
  - PromiseKit (~> 4.4)
  - RealmSwift
  - RxCocoa (~> 4.0)
  - RxDataSources (~> 3.0)
  - RxRealm
  - RxRealmDataSources
  - RxSwift (~> 4.0)
  - RxSwiftExt
  - SnapKit (~> 4.0.0)

SPEC CHECKSUMS:
  Action: a9b4a15708233c73a0beee92bb677262ccbd8a96
  Differentiator: a87be69eba49ec4ab460c7671143ee3a9eececfd
  Kingfisher: 475df87bb7196e51a8e9a48b667a5388a4709241
  NSObject+Rx: cbbc05e3cb3ad446cdbced3e00e39c9efaf02925
  PhoneNumberKit: 62003f40ff75315fd3738286558bc365365ac222
  PromiseKit: 9c1d9f6d7b65e3951a90bea7f407c56972be5d8e
  Realm: 6f23fd1f178a09342eac21bfa7c2bf4312a7a180
  RealmSwift: 695393add1b8f9d5fa75dd16e6355cf3935f71e2
  RxCocoa: d62846ca96495d862fa4c59ea7d87e5031d7340e
  RxDataSources: cb7c31e652a87ebb919da45f716bbb87b3765f6b
  RxRealm: 9e203070a6adadd8f2592b58bbc9c8cc40aa35ec
  RxRealmDataSources: 798303f1d7db18d80da9e95bab9605010378040e
  RxSwift: fd680d75283beb5e2559486f3c0ff852f0d35334
  RxSwiftExt: b06c47dff66cd33ca7683bba1e74b0c5c8e3592e
  SnapKit: a42d492c16e80209130a3379f73596c3454b7694

PODFILE CHECKSUM: f4a492ec4cf8e28d0ef46a7edce582873a495208

COCOAPODS: 1.3.1
