// !$*UTF8*$!
{
	archiveVersion = 1;
	classes = {
	};
	objectVersion = 48;
	objects = {

/* Begin PBXBuildFile section */
		9806B90B2007CEB2000CB497 /* PixaImageService.swift in Sources */ = {isa = PBXBuildFile; fileRef = 9806B90A2007CEB2000CB497 /* PixaImageService.swift */; };
		9806B90E2007DCB1000CB497 /* ImageSearchViewController.swift in Sources */ = {isa = PBXBuildFile; fileRef = 9806B90D2007DCB1000CB497 /* ImageSearchViewController.swift */; };
		9806B9102007DD77000CB497 /* ImageSearchCollectionViewLayout.swift in Sources */ = {isa = PBXBuildFile; fileRef = 9806B90F2007DD77000CB497 /* ImageSearchCollectionViewLayout.swift */; };
		9806B9122007DDCB000CB497 /* ImageSearchCollectionCell.swift in Sources */ = {isa = PBXBuildFile; fileRef = 9806B9112007DDCB000CB497 /* ImageSearchCollectionCell.swift */; };
		9806B9142007DE5C000CB497 /* ImageSearchViewModel.swift in Sources */ = {isa = PBXBuildFile; fileRef = 9806B9132007DE5C000CB497 /* ImageSearchViewModel.swift */; };
		9806B9162007E385000CB497 /* ImageSearchDataSource.swift in Sources */ = {isa = PBXBuildFile; fileRef = 9806B9152007E385000CB497 /* ImageSearchDataSource.swift */; };
		9806B91A2007EB83000CB497 /* ImageSearchRouter.swift in Sources */ = {isa = PBXBuildFile; fileRef = 9806B9192007EB83000CB497 /* ImageSearchRouter.swift */; };
		980DE5A41FE589310087C6C3 /* Observable+Ext.swift in Sources */ = {isa = PBXBuildFile; fileRef = 980DE5A31FE589310087C6C3 /* Observable+Ext.swift */; };
		980DE5A81FE5A3B50087C6C3 /* ErrorTracker.swift in Sources */ = {isa = PBXBuildFile; fileRef = 980DE5A61FE5A3B40087C6C3 /* ErrorTracker.swift */; };
		980DE5A91FE5A3B50087C6C3 /* ActivityIndicator.swift in Sources */ = {isa = PBXBuildFile; fileRef = 980DE5A71FE5A3B50087C6C3 /* ActivityIndicator.swift */; };
		980DE5B01FE5B47D0087C6C3 /* User.swift in Sources */ = {isa = PBXBuildFile; fileRef = 980DE5AF1FE5B47D0087C6C3 /* User.swift */; };
		980DE5B31FE5B51B0087C6C3 /* RealmConstants.swift in Sources */ = {isa = PBXBuildFile; fileRef = 980DE5B21FE5B51B0087C6C3 /* RealmConstants.swift */; };
		980F50372004571F006C2B83 /* AppController.swift in Sources */ = {isa = PBXBuildFile; fileRef = 980F50362004571E006C2B83 /* AppController.swift */; };
		981545D1201026EB0001F675 /* Gif.swift in Sources */ = {isa = PBXBuildFile; fileRef = 981545D0201026EB0001F675 /* Gif.swift */; };
		981545D320102E9B0001F675 /* GiphyAPI.swift in Sources */ = {isa = PBXBuildFile; fileRef = 981545D220102E9B0001F675 /* GiphyAPI.swift */; };
		981545D520102EEF0001F675 /* GIFImageService.swift in Sources */ = {isa = PBXBuildFile; fileRef = 981545D420102EEF0001F675 /* GIFImageService.swift */; };
		981545D7201051340001F675 /* Cache.swift in Sources */ = {isa = PBXBuildFile; fileRef = 981545D6201051340001F675 /* Cache.swift */; };
		9823322B1FF7E09800C3CB49 /* PromptService.swift in Sources */ = {isa = PBXBuildFile; fileRef = 9823322A1FF7E09800C3CB49 /* PromptService.swift */; };
		982531001FF41568000E6E20 /* TabBarView.swift in Sources */ = {isa = PBXBuildFile; fileRef = 982530FF1FF41568000E6E20 /* TabBarView.swift */; };
		9827AF8D20071D8200357EBF /* ScoreCollectioncellViewModel.swift in Sources */ = {isa = PBXBuildFile; fileRef = 9827AF8C20071D8200357EBF /* ScoreCollectioncellViewModel.swift */; };
		9827AF922007208D00357EBF /* ScoresCollectionViewFlowLayout.swift in Sources */ = {isa = PBXBuildFile; fileRef = 9827AF912007208D00357EBF /* ScoresCollectionViewFlowLayout.swift */; };
		9828ABC3200E6BEB00A3A9D1 /* WebLinkThumbnailService.swift in Sources */ = {isa = PBXBuildFile; fileRef = 9828ABC2200E6BEB00A3A9D1 /* WebLinkThumbnailService.swift */; };
		9828ABC6200E712800A3A9D1 /* AddWebLinkViewModel.swift in Sources */ = {isa = PBXBuildFile; fileRef = 9828ABC5200E712800A3A9D1 /* AddWebLinkViewModel.swift */; };
		9828ABC8200E745A00A3A9D1 /* AddWebLinkViewController.swift in Sources */ = {isa = PBXBuildFile; fileRef = 9828ABC7200E745A00A3A9D1 /* AddWebLinkViewController.swift */; };
		9828ABCA200E772100A3A9D1 /* AddWebLinkRouter.swift in Sources */ = {isa = PBXBuildFile; fileRef = 9828ABC9200E772100A3A9D1 /* AddWebLinkRouter.swift */; };
		9828ABCC200E9B3500A3A9D1 /* WebLinkView.swift in Sources */ = {isa = PBXBuildFile; fileRef = 9828ABCB200E9B3500A3A9D1 /* WebLinkView.swift */; };
		9836043F20070EC2008A975D /* Extensions.swift in Sources */ = {isa = PBXBuildFile; fileRef = 9836043E20070EC2008A975D /* Extensions.swift */; };
		9836044120071021008A975D /* EmptyStateView.swift in Sources */ = {isa = PBXBuildFile; fileRef = 9836044020071021008A975D /* EmptyStateView.swift */; };
		983DB1E8200C297E004FC2D0 /* ReplyVisibilityViewModel.swift in Sources */ = {isa = PBXBuildFile; fileRef = 983DB1E7200C297E004FC2D0 /* ReplyVisibilityViewModel.swift */; };
		983DB1EA200C3ACB004FC2D0 /* GeneralVisibilityTableCell.swift in Sources */ = {isa = PBXBuildFile; fileRef = 983DB1E9200C3ACB004FC2D0 /* GeneralVisibilityTableCell.swift */; };
		983DB1EC200C3B5A004FC2D0 /* UserContactTableCell.swift in Sources */ = {isa = PBXBuildFile; fileRef = 983DB1EB200C3B5A004FC2D0 /* UserContactTableCell.swift */; };
		983DB1EE200C3C33004FC2D0 /* ReplyVisibilityViewController.swift in Sources */ = {isa = PBXBuildFile; fileRef = 983DB1ED200C3C33004FC2D0 /* ReplyVisibilityViewController.swift */; };
		98443D15200BFDC200F13562 /* ReplyOptionsDataSource.swift in Sources */ = {isa = PBXBuildFile; fileRef = 98443D14200BFDC100F13562 /* ReplyOptionsDataSource.swift */; };
		984BE287200FF3CA00338C00 /* PromptSummaryView.swift in Sources */ = {isa = PBXBuildFile; fileRef = 984BE286200FF3C900338C00 /* PromptSummaryView.swift */; };
		984F3786200704E700C62E6E /* ReplyCellViewModel.swift in Sources */ = {isa = PBXBuildFile; fileRef = 984F3785200704E700C62E6E /* ReplyCellViewModel.swift */; };
		984F378C2007080E00C62E6E /* SavedReplyScoreTableCell.swift in Sources */ = {isa = PBXBuildFile; fileRef = 984F378B2007080E00C62E6E /* SavedReplyScoreTableCell.swift */; };
		984F378E200708DB00C62E6E /* ReplyEmptyTableCell.swift in Sources */ = {isa = PBXBuildFile; fileRef = 984F378D200708DB00C62E6E /* ReplyEmptyTableCell.swift */; };
		9854D2422000186F00D7B7EB /* PromptSummarySectionHeaderView.swift in Sources */ = {isa = PBXBuildFile; fileRef = 9854D2412000186F00D7B7EB /* PromptSummarySectionHeaderView.swift */; };
		9854D252200053A700D7B7EB /* ValueCellDataSource.swift in Sources */ = {isa = PBXBuildFile; fileRef = 9854D251200053A700D7B7EB /* ValueCellDataSource.swift */; };
		9854D2542000546B00D7B7EB /* RepliesDataSource.swift in Sources */ = {isa = PBXBuildFile; fileRef = 9854D2532000546B00D7B7EB /* RepliesDataSource.swift */; };
		985C2A5A1FFDAC670034E116 /* EnableContactsViewController.swift in Sources */ = {isa = PBXBuildFile; fileRef = 985C2A591FFDAC670034E116 /* EnableContactsViewController.swift */; };
		985C2A5D1FFDAC8E0034E116 /* EnableContactsViewModel.swift in Sources */ = {isa = PBXBuildFile; fileRef = 985C2A5C1FFDAC8D0034E116 /* EnableContactsViewModel.swift */; };
		985C2A5F1FFDAC9A0034E116 /* EnableContactsRouter.swift in Sources */ = {isa = PBXBuildFile; fileRef = 985C2A5E1FFDAC9A0034E116 /* EnableContactsRouter.swift */; };
		985C2A611FFDAE040034E116 /* ContactService.swift in Sources */ = {isa = PBXBuildFile; fileRef = 985C2A601FFDAE040034E116 /* ContactService.swift */; };
		985C2A641FFDC1D80034E116 /* UserDetailsViewController.swift in Sources */ = {isa = PBXBuildFile; fileRef = 985C2A631FFDC1D80034E116 /* UserDetailsViewController.swift */; };
		985C2A661FFDC1E40034E116 /* UserDetailsViewModel.swift in Sources */ = {isa = PBXBuildFile; fileRef = 985C2A651FFDC1E40034E116 /* UserDetailsViewModel.swift */; };
		985C2A681FFDC1F40034E116 /* UserDetailsRouter.swift in Sources */ = {isa = PBXBuildFile; fileRef = 985C2A671FFDC1F40034E116 /* UserDetailsRouter.swift */; };
		9862867320005E0900502294 /* ReplyTableCell.swift in Sources */ = {isa = PBXBuildFile; fileRef = 9862867220005E0900502294 /* ReplyTableCell.swift */; };
		9862867820006AE300502294 /* RepliesViewController.swift in Sources */ = {isa = PBXBuildFile; fileRef = 9862867720006AE300502294 /* RepliesViewController.swift */; };
		9862867A20006AF000502294 /* RepliesViewModel.swift in Sources */ = {isa = PBXBuildFile; fileRef = 9862867920006AF000502294 /* RepliesViewModel.swift */; };
		9883ED611FE6F810002E538E /* PromptReply.swift in Sources */ = {isa = PBXBuildFile; fileRef = 9883ED601FE6F810002E538E /* PromptReply.swift */; };
		9883ED631FE6FB3D002E538E /* UserDefaultsManager.swift in Sources */ = {isa = PBXBuildFile; fileRef = 9883ED621FE6FB3D002E538E /* UserDefaultsManager.swift */; };
		9883ED651FE70458002E538E /* CreateReplyRouter.swift in Sources */ = {isa = PBXBuildFile; fileRef = 9883ED641FE70458002E538E /* CreateReplyRouter.swift */; };
		9883ED681FE70627002E538E /* PromptReplyTableCell.swift in Sources */ = {isa = PBXBuildFile; fileRef = 9883ED671FE70627002E538E /* PromptReplyTableCell.swift */; };
		9883ED6A1FE7062D002E538E /* ScoreCollectionCell.swift in Sources */ = {isa = PBXBuildFile; fileRef = 9883ED691FE7062D002E538E /* ScoreCollectionCell.swift */; };
		988658F41FE8045A00FEB703 /* ViewModelType.swift in Sources */ = {isa = PBXBuildFile; fileRef = 988658F31FE8045A00FEB703 /* ViewModelType.swift */; };
		988658F61FE8049900FEB703 /* RealmError.swift in Sources */ = {isa = PBXBuildFile; fileRef = 988658F51FE8049900FEB703 /* RealmError.swift */; };
		988658F81FE8073C00FEB703 /* ContactStore.swift in Sources */ = {isa = PBXBuildFile; fileRef = 988658F71FE8073C00FEB703 /* ContactStore.swift */; };
		988658FA1FE807B400FEB703 /* Contact.swift in Sources */ = {isa = PBXBuildFile; fileRef = 988658F91FE807B400FEB703 /* Contact.swift */; };
		98921BB61FE735AA006CCCF6 /* ReplyOptionsViewController.swift in Sources */ = {isa = PBXBuildFile; fileRef = 98921BB51FE735AA006CCCF6 /* ReplyOptionsViewController.swift */; };
		98921BB81FE735B8006CCCF6 /* ReplyOptionsViewModel.swift in Sources */ = {isa = PBXBuildFile; fileRef = 98921BB71FE735B8006CCCF6 /* ReplyOptionsViewModel.swift */; };
		98921BBA1FE735C4006CCCF6 /* ReplyOptionsRouter.swift in Sources */ = {isa = PBXBuildFile; fileRef = 98921BB91FE735C4006CCCF6 /* ReplyOptionsRouter.swift */; };
		9893171D1FE6EF4000E2979F /* RealmRepresentable.swift in Sources */ = {isa = PBXBuildFile; fileRef = 9893171C1FE6EF4000E2979F /* RealmRepresentable.swift */; };
		989317241FE6F3E400E2979F /* PromptDetailRouter.swift in Sources */ = {isa = PBXBuildFile; fileRef = 989317211FE6F3E300E2979F /* PromptDetailRouter.swift */; };
		989317251FE6F3E400E2979F /* PromptDetailViewController.swift in Sources */ = {isa = PBXBuildFile; fileRef = 989317221FE6F3E300E2979F /* PromptDetailViewController.swift */; };
		989317261FE6F3E400E2979F /* PromptDetailViewModel.swift in Sources */ = {isa = PBXBuildFile; fileRef = 989317231FE6F3E400E2979F /* PromptDetailViewModel.swift */; };
		9893172B1FE6F41A00E2979F /* CreateReplyViewModel.swift in Sources */ = {isa = PBXBuildFile; fileRef = 989317281FE6F41A00E2979F /* CreateReplyViewModel.swift */; };
		9893172C1FE6F41A00E2979F /* CreateReplyViewController.swift in Sources */ = {isa = PBXBuildFile; fileRef = 989317291FE6F41A00E2979F /* CreateReplyViewController.swift */; };
		98CB44931FFAC82A0085CBFD /* Notifications.swift in Sources */ = {isa = PBXBuildFile; fileRef = 98CB44921FFAC82A0085CBFD /* Notifications.swift */; };
		98F671FD1FFEA208001DE88E /* PhoneEntryViewController.swift in Sources */ = {isa = PBXBuildFile; fileRef = 98F671FC1FFEA208001DE88E /* PhoneEntryViewController.swift */; };
		98F671FF1FFEA223001DE88E /* PhoneEntryViewModel.swift in Sources */ = {isa = PBXBuildFile; fileRef = 98F671FE1FFEA223001DE88E /* PhoneEntryViewModel.swift */; };
		98F672011FFEA236001DE88E /* PhoneEntryRouter.swift in Sources */ = {isa = PBXBuildFile; fileRef = 98F672001FFEA236001DE88E /* PhoneEntryRouter.swift */; };
		98F672031FFF0EA8001DE88E /* PixabayAPI.swift in Sources */ = {isa = PBXBuildFile; fileRef = 98F672021FFF0EA8001DE88E /* PixabayAPI.swift */; };
		98FEE77F1FE4BAD300CD80A8 /* AppDelegate.swift in Sources */ = {isa = PBXBuildFile; fileRef = 98FEE77E1FE4BAD300CD80A8 /* AppDelegate.swift */; };
		98FEE7841FE4BAD300CD80A8 /* Main.storyboard in Resources */ = {isa = PBXBuildFile; fileRef = 98FEE7821FE4BAD300CD80A8 /* Main.storyboard */; };
		98FEE7861FE4BAD300CD80A8 /* Assets.xcassets in Resources */ = {isa = PBXBuildFile; fileRef = 98FEE7851FE4BAD300CD80A8 /* Assets.xcassets */; };
		98FEE7891FE4BAD300CD80A8 /* LaunchScreen.storyboard in Resources */ = {isa = PBXBuildFile; fileRef = 98FEE7871FE4BAD300CD80A8 /* LaunchScreen.storyboard */; };
		98FEE7941FE4BAD300CD80A8 /* AbeTests.swift in Sources */ = {isa = PBXBuildFile; fileRef = 98FEE7931FE4BAD300CD80A8 /* AbeTests.swift */; };
		98FEE79F1FE4BAD300CD80A8 /* AbeUITests.swift in Sources */ = {isa = PBXBuildFile; fileRef = 98FEE79E1FE4BAD300CD80A8 /* AbeUITests.swift */; };
		98FEE7B31FE4BBC000CD80A8 /* RealmInstance.swift in Sources */ = {isa = PBXBuildFile; fileRef = 98FEE7B21FE4BBC000CD80A8 /* RealmInstance.swift */; };
		98FEE7B51FE4BBDB00CD80A8 /* RealmConfiguration.swift in Sources */ = {isa = PBXBuildFile; fileRef = 98FEE7B41FE4BBDB00CD80A8 /* RealmConfiguration.swift */; };
		98FEE7B71FE4BBFB00CD80A8 /* Prompt.swift in Sources */ = {isa = PBXBuildFile; fileRef = 98FEE7B61FE4BBFA00CD80A8 /* Prompt.swift */; };
		98FEE7B91FE4BC4D00CD80A8 /* PromptsRouter.swift in Sources */ = {isa = PBXBuildFile; fileRef = 98FEE7B81FE4BC4C00CD80A8 /* PromptsRouter.swift */; };
		98FEE7BB1FE4BC5400CD80A8 /* PromptsListViewController.swift in Sources */ = {isa = PBXBuildFile; fileRef = 98FEE7BA1FE4BC5400CD80A8 /* PromptsListViewController.swift */; };
		98FEE7BD1FE4BC5C00CD80A8 /* PromptsListViewModel.swift in Sources */ = {isa = PBXBuildFile; fileRef = 98FEE7BC1FE4BC5B00CD80A8 /* PromptsListViewModel.swift */; };
		98FEE7BF1FE4BC6200CD80A8 /* PromptTableCell.swift in Sources */ = {isa = PBXBuildFile; fileRef = 98FEE7BE1FE4BC6200CD80A8 /* PromptTableCell.swift */; };
		98FEE7C31FE4C11C00CD80A8 /* CreatePromptViewModel.swift in Sources */ = {isa = PBXBuildFile; fileRef = 98FEE7C21FE4C11C00CD80A8 /* CreatePromptViewModel.swift */; };
		98FEE7C51FE4C12300CD80A8 /* CreatePromptViewController.swift in Sources */ = {isa = PBXBuildFile; fileRef = 98FEE7C41FE4C12300CD80A8 /* CreatePromptViewController.swift */; };
		98FEE7C71FE4C12800CD80A8 /* CreatePromptRouter.swift in Sources */ = {isa = PBXBuildFile; fileRef = 98FEE7C61FE4C12800CD80A8 /* CreatePromptRouter.swift */; };
		98FEE7C91FE4CB5000CD80A8 /* PromptView.swift in Sources */ = {isa = PBXBuildFile; fileRef = 98FEE7C81FE4CB5000CD80A8 /* PromptView.swift */; };
		98FEE7D71FE4D1D600CD80A8 /* SignupViewModel.swift in Sources */ = {isa = PBXBuildFile; fileRef = 98FEE7D61FE4D1D500CD80A8 /* SignupViewModel.swift */; };
		98FEE7D91FE4D1DF00CD80A8 /* SignupViewController.swift in Sources */ = {isa = PBXBuildFile; fileRef = 98FEE7D81FE4D1DE00CD80A8 /* SignupViewController.swift */; };
		98FEE7DB1FE4D22E00CD80A8 /* SignupRouter.swift in Sources */ = {isa = PBXBuildFile; fileRef = 98FEE7DA1FE4D22E00CD80A8 /* SignupRouter.swift */; };
		98FEE7DF1FE4D5B000CD80A8 /* RealmAuth.swift in Sources */ = {isa = PBXBuildFile; fileRef = 98FEE7DE1FE4D5AF00CD80A8 /* RealmAuth.swift */; };
		E774F22D1E5926E309E0EDBF /* Pods_Abe.framework in Frameworks */ = {isa = PBXBuildFile; fileRef = 0B669BDC38B29A77D8985BAD /* Pods_Abe.framework */; };
/* End PBXBuildFile section */

/* Begin PBXContainerItemProxy section */
		98FEE7901FE4BAD300CD80A8 /* PBXContainerItemProxy */ = {
			isa = PBXContainerItemProxy;
			containerPortal = 98FEE7731FE4BAD300CD80A8 /* Project object */;
			proxyType = 1;
			remoteGlobalIDString = 98FEE77A1FE4BAD300CD80A8;
			remoteInfo = Abe;
		};
		98FEE79B1FE4BAD300CD80A8 /* PBXContainerItemProxy */ = {
			isa = PBXContainerItemProxy;
			containerPortal = 98FEE7731FE4BAD300CD80A8 /* Project object */;
			proxyType = 1;
			remoteGlobalIDString = 98FEE77A1FE4BAD300CD80A8;
			remoteInfo = Abe;
		};
/* End PBXContainerItemProxy section */

/* Begin PBXFileReference section */
		0B669BDC38B29A77D8985BAD /* Pods_Abe.framework */ = {isa = PBXFileReference; explicitFileType = wrapper.framework; includeInIndex = 0; path = Pods_Abe.framework; sourceTree = BUILT_PRODUCTS_DIR; };
		2ED6DE227012B4C169B41D2D /* Pods-Abe.release.xcconfig */ = {isa = PBXFileReference; includeInIndex = 1; lastKnownFileType = text.xcconfig; name = "Pods-Abe.release.xcconfig"; path = "Pods/Target Support Files/Pods-Abe/Pods-Abe.release.xcconfig"; sourceTree = "<group>"; };
		8DD8E150FA4D35820E08A943 /* Pods-Abe.debug.xcconfig */ = {isa = PBXFileReference; includeInIndex = 1; lastKnownFileType = text.xcconfig; name = "Pods-Abe.debug.xcconfig"; path = "Pods/Target Support Files/Pods-Abe/Pods-Abe.debug.xcconfig"; sourceTree = "<group>"; };
		9806B90A2007CEB2000CB497 /* PixaImageService.swift */ = {isa = PBXFileReference; lastKnownFileType = sourcecode.swift; path = PixaImageService.swift; sourceTree = "<group>"; };
		9806B90D2007DCB1000CB497 /* ImageSearchViewController.swift */ = {isa = PBXFileReference; lastKnownFileType = sourcecode.swift; path = ImageSearchViewController.swift; sourceTree = "<group>"; };
		9806B90F2007DD77000CB497 /* ImageSearchCollectionViewLayout.swift */ = {isa = PBXFileReference; lastKnownFileType = sourcecode.swift; path = ImageSearchCollectionViewLayout.swift; sourceTree = "<group>"; };
		9806B9112007DDCB000CB497 /* ImageSearchCollectionCell.swift */ = {isa = PBXFileReference; lastKnownFileType = sourcecode.swift; path = ImageSearchCollectionCell.swift; sourceTree = "<group>"; };
		9806B9132007DE5C000CB497 /* ImageSearchViewModel.swift */ = {isa = PBXFileReference; lastKnownFileType = sourcecode.swift; path = ImageSearchViewModel.swift; sourceTree = "<group>"; };
		9806B9152007E385000CB497 /* ImageSearchDataSource.swift */ = {isa = PBXFileReference; lastKnownFileType = sourcecode.swift; path = ImageSearchDataSource.swift; sourceTree = "<group>"; };
		9806B9192007EB83000CB497 /* ImageSearchRouter.swift */ = {isa = PBXFileReference; lastKnownFileType = sourcecode.swift; path = ImageSearchRouter.swift; sourceTree = "<group>"; };
		980DE5A31FE589310087C6C3 /* Observable+Ext.swift */ = {isa = PBXFileReference; fileEncoding = 4; lastKnownFileType = sourcecode.swift; path = "Observable+Ext.swift"; sourceTree = "<group>"; };
		980DE5A61FE5A3B40087C6C3 /* ErrorTracker.swift */ = {isa = PBXFileReference; fileEncoding = 4; lastKnownFileType = sourcecode.swift; path = ErrorTracker.swift; sourceTree = "<group>"; };
		980DE5A71FE5A3B50087C6C3 /* ActivityIndicator.swift */ = {isa = PBXFileReference; fileEncoding = 4; lastKnownFileType = sourcecode.swift; path = ActivityIndicator.swift; sourceTree = "<group>"; };
		980DE5AF1FE5B47D0087C6C3 /* User.swift */ = {isa = PBXFileReference; fileEncoding = 4; lastKnownFileType = sourcecode.swift; path = User.swift; sourceTree = "<group>"; };
		980DE5B21FE5B51B0087C6C3 /* RealmConstants.swift */ = {isa = PBXFileReference; lastKnownFileType = sourcecode.swift; path = RealmConstants.swift; sourceTree = "<group>"; };
		980F50362004571E006C2B83 /* AppController.swift */ = {isa = PBXFileReference; fileEncoding = 4; lastKnownFileType = sourcecode.swift; path = AppController.swift; sourceTree = "<group>"; };
		981545D0201026EB0001F675 /* Gif.swift */ = {isa = PBXFileReference; lastKnownFileType = sourcecode.swift; path = Gif.swift; sourceTree = "<group>"; };
		981545D220102E9B0001F675 /* GiphyAPI.swift */ = {isa = PBXFileReference; lastKnownFileType = sourcecode.swift; path = GiphyAPI.swift; sourceTree = "<group>"; };
		981545D420102EEF0001F675 /* GIFImageService.swift */ = {isa = PBXFileReference; lastKnownFileType = sourcecode.swift; path = GIFImageService.swift; sourceTree = "<group>"; };
		981545D6201051340001F675 /* Cache.swift */ = {isa = PBXFileReference; lastKnownFileType = sourcecode.swift; path = Cache.swift; sourceTree = "<group>"; };
		9823322A1FF7E09800C3CB49 /* PromptService.swift */ = {isa = PBXFileReference; lastKnownFileType = sourcecode.swift; path = PromptService.swift; sourceTree = "<group>"; };
		982530FF1FF41568000E6E20 /* TabBarView.swift */ = {isa = PBXFileReference; fileEncoding = 4; lastKnownFileType = sourcecode.swift; path = TabBarView.swift; sourceTree = "<group>"; };
		9827AF8C20071D8200357EBF /* ScoreCollectioncellViewModel.swift */ = {isa = PBXFileReference; lastKnownFileType = sourcecode.swift; path = ScoreCollectioncellViewModel.swift; sourceTree = "<group>"; };
		9827AF912007208D00357EBF /* ScoresCollectionViewFlowLayout.swift */ = {isa = PBXFileReference; lastKnownFileType = sourcecode.swift; path = ScoresCollectionViewFlowLayout.swift; sourceTree = "<group>"; };
		9828ABC2200E6BEB00A3A9D1 /* WebLinkThumbnailService.swift */ = {isa = PBXFileReference; lastKnownFileType = sourcecode.swift; path = WebLinkThumbnailService.swift; sourceTree = "<group>"; };
		9828ABC5200E712800A3A9D1 /* AddWebLinkViewModel.swift */ = {isa = PBXFileReference; lastKnownFileType = sourcecode.swift; path = AddWebLinkViewModel.swift; sourceTree = "<group>"; };
		9828ABC7200E745A00A3A9D1 /* AddWebLinkViewController.swift */ = {isa = PBXFileReference; lastKnownFileType = sourcecode.swift; path = AddWebLinkViewController.swift; sourceTree = "<group>"; };
		9828ABC9200E772100A3A9D1 /* AddWebLinkRouter.swift */ = {isa = PBXFileReference; lastKnownFileType = sourcecode.swift; path = AddWebLinkRouter.swift; sourceTree = "<group>"; };
		9828ABCB200E9B3500A3A9D1 /* WebLinkView.swift */ = {isa = PBXFileReference; lastKnownFileType = sourcecode.swift; path = WebLinkView.swift; sourceTree = "<group>"; };
		9836043E20070EC2008A975D /* Extensions.swift */ = {isa = PBXFileReference; lastKnownFileType = sourcecode.swift; path = Extensions.swift; sourceTree = "<group>"; };
		9836044020071021008A975D /* EmptyStateView.swift */ = {isa = PBXFileReference; lastKnownFileType = sourcecode.swift; path = EmptyStateView.swift; sourceTree = "<group>"; };
		983DB1E7200C297E004FC2D0 /* ReplyVisibilityViewModel.swift */ = {isa = PBXFileReference; lastKnownFileType = sourcecode.swift; path = ReplyVisibilityViewModel.swift; sourceTree = "<group>"; };
		983DB1E9200C3ACB004FC2D0 /* GeneralVisibilityTableCell.swift */ = {isa = PBXFileReference; lastKnownFileType = sourcecode.swift; path = GeneralVisibilityTableCell.swift; sourceTree = "<group>"; };
		983DB1EB200C3B5A004FC2D0 /* UserContactTableCell.swift */ = {isa = PBXFileReference; lastKnownFileType = sourcecode.swift; path = UserContactTableCell.swift; sourceTree = "<group>"; };
		983DB1ED200C3C33004FC2D0 /* ReplyVisibilityViewController.swift */ = {isa = PBXFileReference; lastKnownFileType = sourcecode.swift; path = ReplyVisibilityViewController.swift; sourceTree = "<group>"; };
		98443D14200BFDC100F13562 /* ReplyOptionsDataSource.swift */ = {isa = PBXFileReference; lastKnownFileType = sourcecode.swift; path = ReplyOptionsDataSource.swift; sourceTree = "<group>"; };
		984BE286200FF3C900338C00 /* PromptSummaryView.swift */ = {isa = PBXFileReference; lastKnownFileType = sourcecode.swift; name = PromptSummaryView.swift; path = "Abe/Scenes/Replies Flow/PromptSummaryView.swift"; sourceTree = SOURCE_ROOT; };
		984F3785200704E700C62E6E /* ReplyCellViewModel.swift */ = {isa = PBXFileReference; lastKnownFileType = sourcecode.swift; path = ReplyCellViewModel.swift; sourceTree = "<group>"; };
		984F378B2007080E00C62E6E /* SavedReplyScoreTableCell.swift */ = {isa = PBXFileReference; lastKnownFileType = sourcecode.swift; path = SavedReplyScoreTableCell.swift; sourceTree = "<group>"; };
		984F378D200708DB00C62E6E /* ReplyEmptyTableCell.swift */ = {isa = PBXFileReference; lastKnownFileType = sourcecode.swift; path = ReplyEmptyTableCell.swift; sourceTree = "<group>"; };
		9854D2412000186F00D7B7EB /* PromptSummarySectionHeaderView.swift */ = {isa = PBXFileReference; lastKnownFileType = sourcecode.swift; path = PromptSummarySectionHeaderView.swift; sourceTree = "<group>"; };
		9854D251200053A700D7B7EB /* ValueCellDataSource.swift */ = {isa = PBXFileReference; lastKnownFileType = sourcecode.swift; path = ValueCellDataSource.swift; sourceTree = "<group>"; };
		9854D2532000546B00D7B7EB /* RepliesDataSource.swift */ = {isa = PBXFileReference; lastKnownFileType = sourcecode.swift; path = RepliesDataSource.swift; sourceTree = "<group>"; };
		985C2A591FFDAC670034E116 /* EnableContactsViewController.swift */ = {isa = PBXFileReference; lastKnownFileType = sourcecode.swift; path = EnableContactsViewController.swift; sourceTree = "<group>"; };
		985C2A5C1FFDAC8D0034E116 /* EnableContactsViewModel.swift */ = {isa = PBXFileReference; lastKnownFileType = sourcecode.swift; path = EnableContactsViewModel.swift; sourceTree = "<group>"; };
		985C2A5E1FFDAC9A0034E116 /* EnableContactsRouter.swift */ = {isa = PBXFileReference; lastKnownFileType = sourcecode.swift; path = EnableContactsRouter.swift; sourceTree = "<group>"; };
		985C2A601FFDAE040034E116 /* ContactService.swift */ = {isa = PBXFileReference; lastKnownFileType = sourcecode.swift; path = ContactService.swift; sourceTree = "<group>"; };
		985C2A631FFDC1D80034E116 /* UserDetailsViewController.swift */ = {isa = PBXFileReference; lastKnownFileType = sourcecode.swift; path = UserDetailsViewController.swift; sourceTree = "<group>"; };
		985C2A651FFDC1E40034E116 /* UserDetailsViewModel.swift */ = {isa = PBXFileReference; lastKnownFileType = sourcecode.swift; path = UserDetailsViewModel.swift; sourceTree = "<group>"; };
		985C2A671FFDC1F40034E116 /* UserDetailsRouter.swift */ = {isa = PBXFileReference; lastKnownFileType = sourcecode.swift; path = UserDetailsRouter.swift; sourceTree = "<group>"; };
		9862867220005E0900502294 /* ReplyTableCell.swift */ = {isa = PBXFileReference; lastKnownFileType = sourcecode.swift; path = ReplyTableCell.swift; sourceTree = "<group>"; };
		9862867720006AE300502294 /* RepliesViewController.swift */ = {isa = PBXFileReference; lastKnownFileType = sourcecode.swift; path = RepliesViewController.swift; sourceTree = "<group>"; };
		9862867920006AF000502294 /* RepliesViewModel.swift */ = {isa = PBXFileReference; lastKnownFileType = sourcecode.swift; path = RepliesViewModel.swift; sourceTree = "<group>"; };
		9883ED601FE6F810002E538E /* PromptReply.swift */ = {isa = PBXFileReference; lastKnownFileType = sourcecode.swift; path = PromptReply.swift; sourceTree = "<group>"; };
		9883ED621FE6FB3D002E538E /* UserDefaultsManager.swift */ = {isa = PBXFileReference; lastKnownFileType = sourcecode.swift; path = UserDefaultsManager.swift; sourceTree = "<group>"; };
		9883ED641FE70458002E538E /* CreateReplyRouter.swift */ = {isa = PBXFileReference; lastKnownFileType = sourcecode.swift; path = CreateReplyRouter.swift; sourceTree = "<group>"; };
		9883ED671FE70627002E538E /* PromptReplyTableCell.swift */ = {isa = PBXFileReference; fileEncoding = 4; lastKnownFileType = sourcecode.swift; path = PromptReplyTableCell.swift; sourceTree = "<group>"; };
		9883ED691FE7062D002E538E /* ScoreCollectionCell.swift */ = {isa = PBXFileReference; fileEncoding = 4; lastKnownFileType = sourcecode.swift; path = ScoreCollectionCell.swift; sourceTree = "<group>"; };
		988658F31FE8045A00FEB703 /* ViewModelType.swift */ = {isa = PBXFileReference; lastKnownFileType = sourcecode.swift; path = ViewModelType.swift; sourceTree = "<group>"; };
		988658F51FE8049900FEB703 /* RealmError.swift */ = {isa = PBXFileReference; lastKnownFileType = sourcecode.swift; path = RealmError.swift; sourceTree = "<group>"; };
		988658F71FE8073C00FEB703 /* ContactStore.swift */ = {isa = PBXFileReference; lastKnownFileType = sourcecode.swift; path = ContactStore.swift; sourceTree = "<group>"; };
		988658F91FE807B400FEB703 /* Contact.swift */ = {isa = PBXFileReference; lastKnownFileType = sourcecode.swift; path = Contact.swift; sourceTree = "<group>"; };
		98921BB51FE735AA006CCCF6 /* ReplyOptionsViewController.swift */ = {isa = PBXFileReference; lastKnownFileType = sourcecode.swift; path = ReplyOptionsViewController.swift; sourceTree = "<group>"; };
		98921BB71FE735B8006CCCF6 /* ReplyOptionsViewModel.swift */ = {isa = PBXFileReference; lastKnownFileType = sourcecode.swift; path = ReplyOptionsViewModel.swift; sourceTree = "<group>"; };
		98921BB91FE735C4006CCCF6 /* ReplyOptionsRouter.swift */ = {isa = PBXFileReference; lastKnownFileType = sourcecode.swift; path = ReplyOptionsRouter.swift; sourceTree = "<group>"; };
		9893171C1FE6EF4000E2979F /* RealmRepresentable.swift */ = {isa = PBXFileReference; lastKnownFileType = sourcecode.swift; path = RealmRepresentable.swift; sourceTree = "<group>"; };
		989317211FE6F3E300E2979F /* PromptDetailRouter.swift */ = {isa = PBXFileReference; fileEncoding = 4; lastKnownFileType = sourcecode.swift; path = PromptDetailRouter.swift; sourceTree = "<group>"; };
		989317221FE6F3E300E2979F /* PromptDetailViewController.swift */ = {isa = PBXFileReference; fileEncoding = 4; lastKnownFileType = sourcecode.swift; path = PromptDetailViewController.swift; sourceTree = "<group>"; };
		989317231FE6F3E400E2979F /* PromptDetailViewModel.swift */ = {isa = PBXFileReference; fileEncoding = 4; lastKnownFileType = sourcecode.swift; path = PromptDetailViewModel.swift; sourceTree = "<group>"; };
		989317281FE6F41A00E2979F /* CreateReplyViewModel.swift */ = {isa = PBXFileReference; fileEncoding = 4; lastKnownFileType = sourcecode.swift; path = CreateReplyViewModel.swift; sourceTree = "<group>"; };
		989317291FE6F41A00E2979F /* CreateReplyViewController.swift */ = {isa = PBXFileReference; fileEncoding = 4; lastKnownFileType = sourcecode.swift; path = CreateReplyViewController.swift; sourceTree = "<group>"; };
		98CB44921FFAC82A0085CBFD /* Notifications.swift */ = {isa = PBXFileReference; lastKnownFileType = sourcecode.swift; path = Notifications.swift; sourceTree = "<group>"; };
		98F671FC1FFEA208001DE88E /* PhoneEntryViewController.swift */ = {isa = PBXFileReference; lastKnownFileType = sourcecode.swift; path = PhoneEntryViewController.swift; sourceTree = "<group>"; };
		98F671FE1FFEA223001DE88E /* PhoneEntryViewModel.swift */ = {isa = PBXFileReference; lastKnownFileType = sourcecode.swift; path = PhoneEntryViewModel.swift; sourceTree = "<group>"; };
		98F672001FFEA236001DE88E /* PhoneEntryRouter.swift */ = {isa = PBXFileReference; lastKnownFileType = sourcecode.swift; path = PhoneEntryRouter.swift; sourceTree = "<group>"; };
		98F672021FFF0EA8001DE88E /* PixabayAPI.swift */ = {isa = PBXFileReference; lastKnownFileType = sourcecode.swift; path = PixabayAPI.swift; sourceTree = "<group>"; };
		98FEE77B1FE4BAD300CD80A8 /* Abe.app */ = {isa = PBXFileReference; explicitFileType = wrapper.application; includeInIndex = 0; path = Abe.app; sourceTree = BUILT_PRODUCTS_DIR; };
		98FEE77E1FE4BAD300CD80A8 /* AppDelegate.swift */ = {isa = PBXFileReference; lastKnownFileType = sourcecode.swift; path = AppDelegate.swift; sourceTree = "<group>"; };
		98FEE7831FE4BAD300CD80A8 /* Base */ = {isa = PBXFileReference; lastKnownFileType = file.storyboard; name = Base; path = Base.lproj/Main.storyboard; sourceTree = "<group>"; };
		98FEE7851FE4BAD300CD80A8 /* Assets.xcassets */ = {isa = PBXFileReference; lastKnownFileType = folder.assetcatalog; path = Assets.xcassets; sourceTree = "<group>"; };
		98FEE7881FE4BAD300CD80A8 /* Base */ = {isa = PBXFileReference; lastKnownFileType = file.storyboard; name = Base; path = Base.lproj/LaunchScreen.storyboard; sourceTree = "<group>"; };
		98FEE78A1FE4BAD300CD80A8 /* Info.plist */ = {isa = PBXFileReference; lastKnownFileType = text.plist.xml; path = Info.plist; sourceTree = "<group>"; };
		98FEE78F1FE4BAD300CD80A8 /* AbeTests.xctest */ = {isa = PBXFileReference; explicitFileType = wrapper.cfbundle; includeInIndex = 0; path = AbeTests.xctest; sourceTree = BUILT_PRODUCTS_DIR; };
		98FEE7931FE4BAD300CD80A8 /* AbeTests.swift */ = {isa = PBXFileReference; lastKnownFileType = sourcecode.swift; path = AbeTests.swift; sourceTree = "<group>"; };
		98FEE7951FE4BAD300CD80A8 /* Info.plist */ = {isa = PBXFileReference; lastKnownFileType = text.plist.xml; path = Info.plist; sourceTree = "<group>"; };
		98FEE79A1FE4BAD300CD80A8 /* AbeUITests.xctest */ = {isa = PBXFileReference; explicitFileType = wrapper.cfbundle; includeInIndex = 0; path = AbeUITests.xctest; sourceTree = BUILT_PRODUCTS_DIR; };
		98FEE79E1FE4BAD300CD80A8 /* AbeUITests.swift */ = {isa = PBXFileReference; lastKnownFileType = sourcecode.swift; path = AbeUITests.swift; sourceTree = "<group>"; };
		98FEE7A01FE4BAD300CD80A8 /* Info.plist */ = {isa = PBXFileReference; lastKnownFileType = text.plist.xml; path = Info.plist; sourceTree = "<group>"; };
		98FEE7B21FE4BBC000CD80A8 /* RealmInstance.swift */ = {isa = PBXFileReference; fileEncoding = 4; lastKnownFileType = sourcecode.swift; path = RealmInstance.swift; sourceTree = "<group>"; };
		98FEE7B41FE4BBDB00CD80A8 /* RealmConfiguration.swift */ = {isa = PBXFileReference; fileEncoding = 4; lastKnownFileType = sourcecode.swift; path = RealmConfiguration.swift; sourceTree = "<group>"; };
		98FEE7B61FE4BBFA00CD80A8 /* Prompt.swift */ = {isa = PBXFileReference; fileEncoding = 4; lastKnownFileType = sourcecode.swift; path = Prompt.swift; sourceTree = "<group>"; };
		98FEE7B81FE4BC4C00CD80A8 /* PromptsRouter.swift */ = {isa = PBXFileReference; fileEncoding = 4; lastKnownFileType = sourcecode.swift; path = PromptsRouter.swift; sourceTree = "<group>"; };
		98FEE7BA1FE4BC5400CD80A8 /* PromptsListViewController.swift */ = {isa = PBXFileReference; fileEncoding = 4; lastKnownFileType = sourcecode.swift; path = PromptsListViewController.swift; sourceTree = "<group>"; };
		98FEE7BC1FE4BC5B00CD80A8 /* PromptsListViewModel.swift */ = {isa = PBXFileReference; fileEncoding = 4; lastKnownFileType = sourcecode.swift; path = PromptsListViewModel.swift; sourceTree = "<group>"; };
		98FEE7BE1FE4BC6200CD80A8 /* PromptTableCell.swift */ = {isa = PBXFileReference; fileEncoding = 4; lastKnownFileType = sourcecode.swift; path = PromptTableCell.swift; sourceTree = "<group>"; };
		98FEE7C21FE4C11C00CD80A8 /* CreatePromptViewModel.swift */ = {isa = PBXFileReference; fileEncoding = 4; lastKnownFileType = sourcecode.swift; path = CreatePromptViewModel.swift; sourceTree = "<group>"; };
		98FEE7C41FE4C12300CD80A8 /* CreatePromptViewController.swift */ = {isa = PBXFileReference; fileEncoding = 4; lastKnownFileType = sourcecode.swift; path = CreatePromptViewController.swift; sourceTree = "<group>"; };
		98FEE7C61FE4C12800CD80A8 /* CreatePromptRouter.swift */ = {isa = PBXFileReference; fileEncoding = 4; lastKnownFileType = sourcecode.swift; path = CreatePromptRouter.swift; sourceTree = "<group>"; };
		98FEE7C81FE4CB5000CD80A8 /* PromptView.swift */ = {isa = PBXFileReference; fileEncoding = 4; lastKnownFileType = sourcecode.swift; path = PromptView.swift; sourceTree = "<group>"; };
		98FEE7D61FE4D1D500CD80A8 /* SignupViewModel.swift */ = {isa = PBXFileReference; fileEncoding = 4; lastKnownFileType = sourcecode.swift; path = SignupViewModel.swift; sourceTree = "<group>"; };
		98FEE7D81FE4D1DE00CD80A8 /* SignupViewController.swift */ = {isa = PBXFileReference; fileEncoding = 4; lastKnownFileType = sourcecode.swift; path = SignupViewController.swift; sourceTree = "<group>"; };
		98FEE7DA1FE4D22E00CD80A8 /* SignupRouter.swift */ = {isa = PBXFileReference; fileEncoding = 4; lastKnownFileType = sourcecode.swift; path = SignupRouter.swift; sourceTree = "<group>"; };
		98FEE7DE1FE4D5AF00CD80A8 /* RealmAuth.swift */ = {isa = PBXFileReference; fileEncoding = 4; lastKnownFileType = sourcecode.swift; path = RealmAuth.swift; sourceTree = "<group>"; };
/* End PBXFileReference section */

/* Begin PBXFrameworksBuildPhase section */
		98FEE7781FE4BAD300CD80A8 /* Frameworks */ = {
			isa = PBXFrameworksBuildPhase;
			buildActionMask = 2147483647;
			files = (
				E774F22D1E5926E309E0EDBF /* Pods_Abe.framework in Frameworks */,
			);
			runOnlyForDeploymentPostprocessing = 0;
		};
		98FEE78C1FE4BAD300CD80A8 /* Frameworks */ = {
			isa = PBXFrameworksBuildPhase;
			buildActionMask = 2147483647;
			files = (
			);
			runOnlyForDeploymentPostprocessing = 0;
		};
		98FEE7971FE4BAD300CD80A8 /* Frameworks */ = {
			isa = PBXFrameworksBuildPhase;
			buildActionMask = 2147483647;
			files = (
			);
			runOnlyForDeploymentPostprocessing = 0;
		};
/* End PBXFrameworksBuildPhase section */

/* Begin PBXGroup section */
		80EDAE9C2DBE0894E40F09CE /* Frameworks */ = {
			isa = PBXGroup;
			children = (
				0B669BDC38B29A77D8985BAD /* Pods_Abe.framework */,
			);
			name = Frameworks;
			sourceTree = "<group>";
		};
		9806B90C2007DB46000CB497 /* Image Search */ = {
			isa = PBXGroup;
			children = (
				9806B9182007EB02000CB497 /* Cells */,
				9806B9172007EAEB000CB497 /* Data Source */,
				9806B90D2007DCB1000CB497 /* ImageSearchViewController.swift */,
				9806B9132007DE5C000CB497 /* ImageSearchViewModel.swift */,
				9806B9192007EB83000CB497 /* ImageSearchRouter.swift */,
			);
			path = "Image Search";
			sourceTree = "<group>";
		};
		9806B9172007EAEB000CB497 /* Data Source */ = {
			isa = PBXGroup;
			children = (
				9806B9152007E385000CB497 /* ImageSearchDataSource.swift */,
			);
			path = "Data Source";
			sourceTree = "<group>";
		};
		9806B9182007EB02000CB497 /* Cells */ = {
			isa = PBXGroup;
			children = (
				9806B9112007DDCB000CB497 /* ImageSearchCollectionCell.swift */,
				9806B90F2007DD77000CB497 /* ImageSearchCollectionViewLayout.swift */,
			);
			path = Cells;
			sourceTree = "<group>";
		};
		980DE5AA1FE5B3730087C6C3 /* Sign Up */ = {
			isa = PBXGroup;
			children = (
				98FEE7DA1FE4D22E00CD80A8 /* SignupRouter.swift */,
				98FEE7D81FE4D1DE00CD80A8 /* SignupViewController.swift */,
				98FEE7D61FE4D1D500CD80A8 /* SignupViewModel.swift */,
			);
			path = "Sign Up";
			sourceTree = "<group>";
		};
		980DE5AB1FE5B3FB0087C6C3 /* Application */ = {
			isa = PBXGroup;
			children = (
				98FEE77E1FE4BAD300CD80A8 /* AppDelegate.swift */,
				980F50362004571E006C2B83 /* AppController.swift */,
			);
			path = Application;
			sourceTree = "<group>";
		};
		980DE5AC1FE5B43C0087C6C3 /* Models */ = {
			isa = PBXGroup;
			children = (
				9883ED621FE6FB3D002E538E /* UserDefaultsManager.swift */,
				98CB44921FFAC82A0085CBFD /* Notifications.swift */,
				980DE5AF1FE5B47D0087C6C3 /* User.swift */,
				988658F91FE807B400FEB703 /* Contact.swift */,
				98FEE7B61FE4BBFA00CD80A8 /* Prompt.swift */,
				9883ED601FE6F810002E538E /* PromptReply.swift */,
				981545D0201026EB0001F675 /* Gif.swift */,
				981545D6201051340001F675 /* Cache.swift */,
			);
			path = Models;
			sourceTree = "<group>";
		};
		980DE5B11FE5B4EA0087C6C3 /* Realm */ = {
			isa = PBXGroup;
			children = (
				98FEE7B21FE4BBC000CD80A8 /* RealmInstance.swift */,
				9893171C1FE6EF4000E2979F /* RealmRepresentable.swift */,
				980DE5B21FE5B51B0087C6C3 /* RealmConstants.swift */,
				98FEE7B41FE4BBDB00CD80A8 /* RealmConfiguration.swift */,
				98FEE7DE1FE4D5AF00CD80A8 /* RealmAuth.swift */,
				988658F51FE8049900FEB703 /* RealmError.swift */,
			);
			path = Realm;
			sourceTree = "<group>";
		};
		980DE5B41FE5B56B0087C6C3 /* Create Prompt */ = {
			isa = PBXGroup;
			children = (
				98FEE7C61FE4C12800CD80A8 /* CreatePromptRouter.swift */,
				98FEE7C41FE4C12300CD80A8 /* CreatePromptViewController.swift */,
				98FEE7C21FE4C11C00CD80A8 /* CreatePromptViewModel.swift */,
			);
			path = "Create Prompt";
			sourceTree = "<group>";
		};
		980DE5B51FE5B5A80087C6C3 /* Prompts List */ = {
			isa = PBXGroup;
			children = (
				9893171F1FE6F05200E2979F /* Views */,
				9893171E1FE6F04C00E2979F /* Cells */,
				98FEE7B81FE4BC4C00CD80A8 /* PromptsRouter.swift */,
				98FEE7BA1FE4BC5400CD80A8 /* PromptsListViewController.swift */,
				98FEE7BC1FE4BC5B00CD80A8 /* PromptsListViewModel.swift */,
			);
			path = "Prompts List";
			sourceTree = "<group>";
		};
		980DE5B61FE5B5BE0087C6C3 /* Utility */ = {
			isa = PBXGroup;
			children = (
				9854D251200053A700D7B7EB /* ValueCellDataSource.swift */,
				9836043E20070EC2008A975D /* Extensions.swift */,
				988658F31FE8045A00FEB703 /* ViewModelType.swift */,
				988658F71FE8073C00FEB703 /* ContactStore.swift */,
				980DE5A31FE589310087C6C3 /* Observable+Ext.swift */,
				980DE5A71FE5A3B50087C6C3 /* ActivityIndicator.swift */,
				980DE5A61FE5A3B40087C6C3 /* ErrorTracker.swift */,
			);
			path = Utility;
			sourceTree = "<group>";
		};
		980DE5B71FE5B5CD0087C6C3 /* Scenes */ = {
			isa = PBXGroup;
			children = (
				984F379820070D5600C62E6E /* Login Flow */,
				980DE5B51FE5B5A80087C6C3 /* Prompts List */,
				984F379920070D9400C62E6E /* Create Prompt Flow */,
				984F379A20070DB600C62E6E /* Replies Flow */,
			);
			path = Scenes;
			sourceTree = "<group>";
		};
		9827AF8E2007202900357EBF /* Create Reply */ = {
			isa = PBXGroup;
			children = (
				989317271FE6F40700E2979F /* Main Create Input */,
				983DB1E6200C295C004FC2D0 /* Reply Visibility Options */,
				98921BBB1FE735C9006CCCF6 /* Extra Reply Options */,
			);
			path = "Create Reply";
			sourceTree = "<group>";
		};
		9827AF93200721C200357EBF /* Moya API Providers */ = {
			isa = PBXGroup;
			children = (
				98F672021FFF0EA8001DE88E /* PixabayAPI.swift */,
				981545D220102E9B0001F675 /* GiphyAPI.swift */,
			);
			path = "Moya API Providers";
			sourceTree = "<group>";
		};
		9828ABC4200E710900A3A9D1 /* Add Web Link */ = {
			isa = PBXGroup;
			children = (
				9828ABC2200E6BEB00A3A9D1 /* WebLinkThumbnailService.swift */,
				9828ABC5200E712800A3A9D1 /* AddWebLinkViewModel.swift */,
				9828ABC7200E745A00A3A9D1 /* AddWebLinkViewController.swift */,
				9828ABC9200E772100A3A9D1 /* AddWebLinkRouter.swift */,
				9828ABCB200E9B3500A3A9D1 /* WebLinkView.swift */,
			);
			path = "Add Web Link";
			sourceTree = "<group>";
		};
		983DB1E6200C295C004FC2D0 /* Reply Visibility Options */ = {
			isa = PBXGroup;
			children = (
				98A738D0200D4ED40001BC0C /* Cells */,
				98A738D1200D4EE80001BC0C /* Data Source */,
				983DB1E7200C297E004FC2D0 /* ReplyVisibilityViewModel.swift */,
				983DB1ED200C3C33004FC2D0 /* ReplyVisibilityViewController.swift */,
				98921BB91FE735C4006CCCF6 /* ReplyOptionsRouter.swift */,
			);
			path = "Reply Visibility Options";
			sourceTree = "<group>";
		};
		984F378F20070A3E00C62E6E /* Cells */ = {
			isa = PBXGroup;
			children = (
				984F379020070A7900C62E6E /* Main Reply Table Cell */,
				984F379120070B3200C62E6E /* Reply Score Collection Cell */,
				984F379220070B5D00C62E6E /* Empty State Cell */,
				984F379320070B7200C62E6E /* My Reply Scores Table Cell */,
			);
			path = Cells;
			sourceTree = "<group>";
		};
		984F379020070A7900C62E6E /* Main Reply Table Cell */ = {
			isa = PBXGroup;
			children = (
				984F3785200704E700C62E6E /* ReplyCellViewModel.swift */,
				9862867220005E0900502294 /* ReplyTableCell.swift */,
			);
			path = "Main Reply Table Cell";
			sourceTree = "<group>";
		};
		984F379120070B3200C62E6E /* Reply Score Collection Cell */ = {
			isa = PBXGroup;
			children = (
				9883ED691FE7062D002E538E /* ScoreCollectionCell.swift */,
				9827AF8C20071D8200357EBF /* ScoreCollectioncellViewModel.swift */,
				9827AF912007208D00357EBF /* ScoresCollectionViewFlowLayout.swift */,
			);
			path = "Reply Score Collection Cell";
			sourceTree = "<group>";
		};
		984F379220070B5D00C62E6E /* Empty State Cell */ = {
			isa = PBXGroup;
			children = (
				984F378D200708DB00C62E6E /* ReplyEmptyTableCell.swift */,
			);
			path = "Empty State Cell";
			sourceTree = "<group>";
		};
		984F379320070B7200C62E6E /* My Reply Scores Table Cell */ = {
			isa = PBXGroup;
			children = (
				984F378B2007080E00C62E6E /* SavedReplyScoreTableCell.swift */,
			);
			path = "My Reply Scores Table Cell";
			sourceTree = "<group>";
		};
		984F379420070BD700C62E6E /* Table View Data Source */ = {
			isa = PBXGroup;
			children = (
				9854D2532000546B00D7B7EB /* RepliesDataSource.swift */,
			);
			path = "Table View Data Source";
			sourceTree = "<group>";
		};
		984F379520070C6700C62E6E /* Views */ = {
			isa = PBXGroup;
			children = (
				982530FF1FF41568000E6E20 /* TabBarView.swift */,
				9836044020071021008A975D /* EmptyStateView.swift */,
				984BE286200FF3C900338C00 /* PromptSummaryView.swift */,
			);
			path = Views;
			sourceTree = "<group>";
		};
		984F379620070CB300C62E6E /* Old Stuff */ = {
			isa = PBXGroup;
			children = (
				989317201FE6F3D200E2979F /* Prompt Detail */,
			);
			path = "Old Stuff";
			sourceTree = "<group>";
		};
		984F379720070CF200C62E6E /* Realm Data Services */ = {
			isa = PBXGroup;
			children = (
				985C2A601FFDAE040034E116 /* ContactService.swift */,
				9806B90A2007CEB2000CB497 /* PixaImageService.swift */,
				981545D420102EEF0001F675 /* GIFImageService.swift */,
				9823322A1FF7E09800C3CB49 /* PromptService.swift */,
			);
			path = "Realm Data Services";
			sourceTree = "<group>";
		};
		984F379820070D5600C62E6E /* Login Flow */ = {
			isa = PBXGroup;
			children = (
				98F671FB1FFEA1ED001DE88E /* Phone Entry */,
				985C2A621FFDC19C0034E116 /* Enter Name */,
				985C2A5B1FFDAC770034E116 /* Enable Contacts */,
				980DE5AA1FE5B3730087C6C3 /* Sign Up */,
			);
			path = "Login Flow";
			sourceTree = "<group>";
		};
		984F379920070D9400C62E6E /* Create Prompt Flow */ = {
			isa = PBXGroup;
			children = (
				980DE5B41FE5B56B0087C6C3 /* Create Prompt */,
				9828ABC4200E710900A3A9D1 /* Add Web Link */,
				9806B90C2007DB46000CB497 /* Image Search */,
			);
			path = "Create Prompt Flow";
			sourceTree = "<group>";
		};
		984F379A20070DB600C62E6E /* Replies Flow */ = {
			isa = PBXGroup;
			children = (
				9862867420006A4B00502294 /* Replies Table View */,
				9827AF8E2007202900357EBF /* Create Reply */,
			);
			path = "Replies Flow";
			sourceTree = "<group>";
		};
		985C2A5B1FFDAC770034E116 /* Enable Contacts */ = {
			isa = PBXGroup;
			children = (
				985C2A5E1FFDAC9A0034E116 /* EnableContactsRouter.swift */,
				985C2A591FFDAC670034E116 /* EnableContactsViewController.swift */,
				985C2A5C1FFDAC8D0034E116 /* EnableContactsViewModel.swift */,
			);
			path = "Enable Contacts";
			sourceTree = "<group>";
		};
		985C2A621FFDC19C0034E116 /* Enter Name */ = {
			isa = PBXGroup;
			children = (
				985C2A671FFDC1F40034E116 /* UserDetailsRouter.swift */,
				985C2A631FFDC1D80034E116 /* UserDetailsViewController.swift */,
				985C2A651FFDC1E40034E116 /* UserDetailsViewModel.swift */,
			);
			path = "Enter Name";
			sourceTree = "<group>";
		};
		9862867420006A4B00502294 /* Replies Table View */ = {
			isa = PBXGroup;
			children = (
				9862867720006AE300502294 /* RepliesViewController.swift */,
				9862867920006AF000502294 /* RepliesViewModel.swift */,
				989317211FE6F3E300E2979F /* PromptDetailRouter.swift */,
				984F379420070BD700C62E6E /* Table View Data Source */,
				984F378F20070A3E00C62E6E /* Cells */,
				984F379520070C6700C62E6E /* Views */,
			);
			path = "Replies Table View";
			sourceTree = "<group>";
		};
		9883ED661FE7061B002E538E /* Cells */ = {
			isa = PBXGroup;
			children = (
				9854D2412000186F00D7B7EB /* PromptSummarySectionHeaderView.swift */,
				9883ED671FE70627002E538E /* PromptReplyTableCell.swift */,
			);
			path = Cells;
			sourceTree = "<group>";
		};
		98921BBB1FE735C9006CCCF6 /* Extra Reply Options */ = {
			isa = PBXGroup;
			children = (
				98921BB51FE735AA006CCCF6 /* ReplyOptionsViewController.swift */,
				98921BB71FE735B8006CCCF6 /* ReplyOptionsViewModel.swift */,
			);
			path = "Extra Reply Options";
			sourceTree = "<group>";
		};
		9893171E1FE6F04C00E2979F /* Cells */ = {
			isa = PBXGroup;
			children = (
				98FEE7BE1FE4BC6200CD80A8 /* PromptTableCell.swift */,
			);
			path = Cells;
			sourceTree = "<group>";
		};
		9893171F1FE6F05200E2979F /* Views */ = {
			isa = PBXGroup;
			children = (
				98FEE7C81FE4CB5000CD80A8 /* PromptView.swift */,
			);
			path = Views;
			sourceTree = "<group>";
		};
		989317201FE6F3D200E2979F /* Prompt Detail */ = {
			isa = PBXGroup;
			children = (
				9883ED661FE7061B002E538E /* Cells */,
				989317221FE6F3E300E2979F /* PromptDetailViewController.swift */,
				989317231FE6F3E400E2979F /* PromptDetailViewModel.swift */,
			);
			path = "Prompt Detail";
			sourceTree = "<group>";
		};
		989317271FE6F40700E2979F /* Main Create Input */ = {
			isa = PBXGroup;
			children = (
				9883ED641FE70458002E538E /* CreateReplyRouter.swift */,
				989317291FE6F41A00E2979F /* CreateReplyViewController.swift */,
				989317281FE6F41A00E2979F /* CreateReplyViewModel.swift */,
			);
			path = "Main Create Input";
			sourceTree = "<group>";
		};
		98A738D0200D4ED40001BC0C /* Cells */ = {
			isa = PBXGroup;
			children = (
				983DB1E9200C3ACB004FC2D0 /* GeneralVisibilityTableCell.swift */,
				983DB1EB200C3B5A004FC2D0 /* UserContactTableCell.swift */,
			);
			path = Cells;
			sourceTree = "<group>";
		};
		98A738D1200D4EE80001BC0C /* Data Source */ = {
			isa = PBXGroup;
			children = (
				98443D14200BFDC100F13562 /* ReplyOptionsDataSource.swift */,
			);
			path = "Data Source";
			sourceTree = "<group>";
		};
		98F671FB1FFEA1ED001DE88E /* Phone Entry */ = {
			isa = PBXGroup;
			children = (
				98F671FC1FFEA208001DE88E /* PhoneEntryViewController.swift */,
				98F671FE1FFEA223001DE88E /* PhoneEntryViewModel.swift */,
				98F672001FFEA236001DE88E /* PhoneEntryRouter.swift */,
			);
			path = "Phone Entry";
			sourceTree = "<group>";
		};
		98FEE7721FE4BAD300CD80A8 = {
			isa = PBXGroup;
			children = (
				98FEE77D1FE4BAD300CD80A8 /* Abe */,
				98FEE7921FE4BAD300CD80A8 /* AbeTests */,
				98FEE79D1FE4BAD300CD80A8 /* AbeUITests */,
				98FEE77C1FE4BAD300CD80A8 /* Products */,
				B27DACEAF5F351DC4D4E4316 /* Pods */,
				80EDAE9C2DBE0894E40F09CE /* Frameworks */,
			);
			sourceTree = "<group>";
		};
		98FEE77C1FE4BAD300CD80A8 /* Products */ = {
			isa = PBXGroup;
			children = (
				98FEE77B1FE4BAD300CD80A8 /* Abe.app */,
				98FEE78F1FE4BAD300CD80A8 /* AbeTests.xctest */,
				98FEE79A1FE4BAD300CD80A8 /* AbeUITests.xctest */,
			);
			name = Products;
			sourceTree = "<group>";
		};
		98FEE77D1FE4BAD300CD80A8 /* Abe */ = {
			isa = PBXGroup;
			children = (
				980DE5AB1FE5B3FB0087C6C3 /* Application */,
				980DE5AC1FE5B43C0087C6C3 /* Models */,
				9827AF93200721C200357EBF /* Moya API Providers */,
				980DE5B11FE5B4EA0087C6C3 /* Realm */,
				984F379720070CF200C62E6E /* Realm Data Services */,
				980DE5B71FE5B5CD0087C6C3 /* Scenes */,
				980DE5B61FE5B5BE0087C6C3 /* Utility */,
				984F379620070CB300C62E6E /* Old Stuff */,
				98FEE7821FE4BAD300CD80A8 /* Main.storyboard */,
				98FEE7851FE4BAD300CD80A8 /* Assets.xcassets */,
				98FEE7871FE4BAD300CD80A8 /* LaunchScreen.storyboard */,
				98FEE78A1FE4BAD300CD80A8 /* Info.plist */,
			);
			path = Abe;
			sourceTree = "<group>";
		};
		98FEE7921FE4BAD300CD80A8 /* AbeTests */ = {
			isa = PBXGroup;
			children = (
				98FEE7931FE4BAD300CD80A8 /* AbeTests.swift */,
				98FEE7951FE4BAD300CD80A8 /* Info.plist */,
			);
			path = AbeTests;
			sourceTree = "<group>";
		};
		98FEE79D1FE4BAD300CD80A8 /* AbeUITests */ = {
			isa = PBXGroup;
			children = (
				98FEE79E1FE4BAD300CD80A8 /* AbeUITests.swift */,
				98FEE7A01FE4BAD300CD80A8 /* Info.plist */,
			);
			path = AbeUITests;
			sourceTree = "<group>";
		};
		B27DACEAF5F351DC4D4E4316 /* Pods */ = {
			isa = PBXGroup;
			children = (
				8DD8E150FA4D35820E08A943 /* Pods-Abe.debug.xcconfig */,
				2ED6DE227012B4C169B41D2D /* Pods-Abe.release.xcconfig */,
			);
			name = Pods;
			sourceTree = "<group>";
		};
/* End PBXGroup section */

/* Begin PBXNativeTarget section */
		98FEE77A1FE4BAD300CD80A8 /* Abe */ = {
			isa = PBXNativeTarget;
			buildConfigurationList = 98FEE7A31FE4BAD300CD80A8 /* Build configuration list for PBXNativeTarget "Abe" */;
			buildPhases = (
				C3B4E68D0F6FA6BEC347D071 /* [CP] Check Pods Manifest.lock */,
				98FEE7771FE4BAD300CD80A8 /* Sources */,
				98FEE7781FE4BAD300CD80A8 /* Frameworks */,
				98FEE7791FE4BAD300CD80A8 /* Resources */,
				3E2EF1A7A874A3C15FC28642 /* [CP] Embed Pods Frameworks */,
				3C4E285FD834CBFBF510990C /* [CP] Copy Pods Resources */,
			);
			buildRules = (
			);
			dependencies = (
			);
			name = Abe;
			productName = Abe;
			productReference = 98FEE77B1FE4BAD300CD80A8 /* Abe.app */;
			productType = "com.apple.product-type.application";
		};
		98FEE78E1FE4BAD300CD80A8 /* AbeTests */ = {
			isa = PBXNativeTarget;
			buildConfigurationList = 98FEE7A61FE4BAD300CD80A8 /* Build configuration list for PBXNativeTarget "AbeTests" */;
			buildPhases = (
				98FEE78B1FE4BAD300CD80A8 /* Sources */,
				98FEE78C1FE4BAD300CD80A8 /* Frameworks */,
				98FEE78D1FE4BAD300CD80A8 /* Resources */,
			);
			buildRules = (
			);
			dependencies = (
				98FEE7911FE4BAD300CD80A8 /* PBXTargetDependency */,
			);
			name = AbeTests;
			productName = AbeTests;
			productReference = 98FEE78F1FE4BAD300CD80A8 /* AbeTests.xctest */;
			productType = "com.apple.product-type.bundle.unit-test";
		};
		98FEE7991FE4BAD300CD80A8 /* AbeUITests */ = {
			isa = PBXNativeTarget;
			buildConfigurationList = 98FEE7A91FE4BAD300CD80A8 /* Build configuration list for PBXNativeTarget "AbeUITests" */;
			buildPhases = (
				98FEE7961FE4BAD300CD80A8 /* Sources */,
				98FEE7971FE4BAD300CD80A8 /* Frameworks */,
				98FEE7981FE4BAD300CD80A8 /* Resources */,
			);
			buildRules = (
			);
			dependencies = (
				98FEE79C1FE4BAD300CD80A8 /* PBXTargetDependency */,
			);
			name = AbeUITests;
			productName = AbeUITests;
			productReference = 98FEE79A1FE4BAD300CD80A8 /* AbeUITests.xctest */;
			productType = "com.apple.product-type.bundle.ui-testing";
		};
/* End PBXNativeTarget section */

/* Begin PBXProject section */
		98FEE7731FE4BAD300CD80A8 /* Project object */ = {
			isa = PBXProject;
			attributes = {
				LastSwiftUpdateCheck = 0920;
				LastUpgradeCheck = 0920;
				ORGANIZATIONNAME = "Cluk Labs";
				TargetAttributes = {
					98FEE77A1FE4BAD300CD80A8 = {
						CreatedOnToolsVersion = 9.2;
						ProvisioningStyle = Automatic;
					};
					98FEE78E1FE4BAD300CD80A8 = {
						CreatedOnToolsVersion = 9.2;
						ProvisioningStyle = Automatic;
						TestTargetID = 98FEE77A1FE4BAD300CD80A8;
					};
					98FEE7991FE4BAD300CD80A8 = {
						CreatedOnToolsVersion = 9.2;
						ProvisioningStyle = Automatic;
						TestTargetID = 98FEE77A1FE4BAD300CD80A8;
					};
				};
			};
			buildConfigurationList = 98FEE7761FE4BAD300CD80A8 /* Build configuration list for PBXProject "Abe" */;
			compatibilityVersion = "Xcode 8.0";
			developmentRegion = en;
			hasScannedForEncodings = 0;
			knownRegions = (
				en,
				Base,
			);
			mainGroup = 98FEE7721FE4BAD300CD80A8;
			productRefGroup = 98FEE77C1FE4BAD300CD80A8 /* Products */;
			projectDirPath = "";
			projectRoot = "";
			targets = (
				98FEE77A1FE4BAD300CD80A8 /* Abe */,
				98FEE78E1FE4BAD300CD80A8 /* AbeTests */,
				98FEE7991FE4BAD300CD80A8 /* AbeUITests */,
			);
		};
/* End PBXProject section */

/* Begin PBXResourcesBuildPhase section */
		98FEE7791FE4BAD300CD80A8 /* Resources */ = {
			isa = PBXResourcesBuildPhase;
			buildActionMask = 2147483647;
			files = (
				98FEE7891FE4BAD300CD80A8 /* LaunchScreen.storyboard in Resources */,
				98FEE7861FE4BAD300CD80A8 /* Assets.xcassets in Resources */,
				98FEE7841FE4BAD300CD80A8 /* Main.storyboard in Resources */,
			);
			runOnlyForDeploymentPostprocessing = 0;
		};
		98FEE78D1FE4BAD300CD80A8 /* Resources */ = {
			isa = PBXResourcesBuildPhase;
			buildActionMask = 2147483647;
			files = (
			);
			runOnlyForDeploymentPostprocessing = 0;
		};
		98FEE7981FE4BAD300CD80A8 /* Resources */ = {
			isa = PBXResourcesBuildPhase;
			buildActionMask = 2147483647;
			files = (
			);
			runOnlyForDeploymentPostprocessing = 0;
		};
/* End PBXResourcesBuildPhase section */

/* Begin PBXShellScriptBuildPhase section */
		3C4E285FD834CBFBF510990C /* [CP] Copy Pods Resources */ = {
			isa = PBXShellScriptBuildPhase;
			buildActionMask = 2147483647;
			files = (
			);
			inputPaths = (
			);
			name = "[CP] Copy Pods Resources";
			outputPaths = (
			);
			runOnlyForDeploymentPostprocessing = 0;
			shellPath = /bin/sh;
			shellScript = "\"${SRCROOT}/Pods/Target Support Files/Pods-Abe/Pods-Abe-resources.sh\"\n";
			showEnvVarsInLog = 0;
		};
		3E2EF1A7A874A3C15FC28642 /* [CP] Embed Pods Frameworks */ = {
			isa = PBXShellScriptBuildPhase;
			buildActionMask = 2147483647;
			files = (
			);
			inputPaths = (
				"${SRCROOT}/Pods/Target Support Files/Pods-Abe/Pods-Abe-frameworks.sh",
				"${BUILT_PRODUCTS_DIR}/Action/Action.framework",
				"${BUILT_PRODUCTS_DIR}/Alamofire/Alamofire.framework",
				"${BUILT_PRODUCTS_DIR}/Differentiator/Differentiator.framework",
				"${BUILT_PRODUCTS_DIR}/GSKStretchyHeaderView/GSKStretchyHeaderView.framework",
				"${BUILT_PRODUCTS_DIR}/Gifu/Gifu.framework",
				"${BUILT_PRODUCTS_DIR}/Kingfisher/Kingfisher.framework",
				"${BUILT_PRODUCTS_DIR}/Moya/Moya.framework",
				"${BUILT_PRODUCTS_DIR}/PhoneNumberKit/PhoneNumberKit.framework",
				"${BUILT_PRODUCTS_DIR}/Realm/Realm.framework",
				"${BUILT_PRODUCTS_DIR}/RealmSwift/RealmSwift.framework",
				"${BUILT_PRODUCTS_DIR}/Result/Result.framework",
				"${BUILT_PRODUCTS_DIR}/RxCocoa/RxCocoa.framework",
				"${BUILT_PRODUCTS_DIR}/RxDataSources/RxDataSources.framework",
				"${BUILT_PRODUCTS_DIR}/RxOptional/RxOptional.framework",
				"${BUILT_PRODUCTS_DIR}/RxRealm/RxRealm.framework",
				"${BUILT_PRODUCTS_DIR}/RxRealmDataSources/RxRealmDataSources.framework",
				"${BUILT_PRODUCTS_DIR}/RxSwift/RxSwift.framework",
				"${BUILT_PRODUCTS_DIR}/RxSwiftExt/RxSwiftExt.framework",
				"${BUILT_PRODUCTS_DIR}/SnapKit/SnapKit.framework",
				"${BUILT_PRODUCTS_DIR}/SwiftLinkPreview/SwiftLinkPreview.framework",
			);
			name = "[CP] Embed Pods Frameworks";
			outputPaths = (
				"${TARGET_BUILD_DIR}/${FRAMEWORKS_FOLDER_PATH}/Action.framework",
				"${TARGET_BUILD_DIR}/${FRAMEWORKS_FOLDER_PATH}/Alamofire.framework",
				"${TARGET_BUILD_DIR}/${FRAMEWORKS_FOLDER_PATH}/Differentiator.framework",
				"${TARGET_BUILD_DIR}/${FRAMEWORKS_FOLDER_PATH}/GSKStretchyHeaderView.framework",
				"${TARGET_BUILD_DIR}/${FRAMEWORKS_FOLDER_PATH}/Gifu.framework",
				"${TARGET_BUILD_DIR}/${FRAMEWORKS_FOLDER_PATH}/Kingfisher.framework",
				"${TARGET_BUILD_DIR}/${FRAMEWORKS_FOLDER_PATH}/Moya.framework",
				"${TARGET_BUILD_DIR}/${FRAMEWORKS_FOLDER_PATH}/PhoneNumberKit.framework",
				"${TARGET_BUILD_DIR}/${FRAMEWORKS_FOLDER_PATH}/Realm.framework",
				"${TARGET_BUILD_DIR}/${FRAMEWORKS_FOLDER_PATH}/RealmSwift.framework",
				"${TARGET_BUILD_DIR}/${FRAMEWORKS_FOLDER_PATH}/Result.framework",
				"${TARGET_BUILD_DIR}/${FRAMEWORKS_FOLDER_PATH}/RxCocoa.framework",
				"${TARGET_BUILD_DIR}/${FRAMEWORKS_FOLDER_PATH}/RxDataSources.framework",
				"${TARGET_BUILD_DIR}/${FRAMEWORKS_FOLDER_PATH}/RxOptional.framework",
				"${TARGET_BUILD_DIR}/${FRAMEWORKS_FOLDER_PATH}/RxRealm.framework",
				"${TARGET_BUILD_DIR}/${FRAMEWORKS_FOLDER_PATH}/RxRealmDataSources.framework",
				"${TARGET_BUILD_DIR}/${FRAMEWORKS_FOLDER_PATH}/RxSwift.framework",
				"${TARGET_BUILD_DIR}/${FRAMEWORKS_FOLDER_PATH}/RxSwiftExt.framework",
				"${TARGET_BUILD_DIR}/${FRAMEWORKS_FOLDER_PATH}/SnapKit.framework",
				"${TARGET_BUILD_DIR}/${FRAMEWORKS_FOLDER_PATH}/SwiftLinkPreview.framework",
			);
			runOnlyForDeploymentPostprocessing = 0;
			shellPath = /bin/sh;
			shellScript = "\"${SRCROOT}/Pods/Target Support Files/Pods-Abe/Pods-Abe-frameworks.sh\"\n";
			showEnvVarsInLog = 0;
		};
		C3B4E68D0F6FA6BEC347D071 /* [CP] Check Pods Manifest.lock */ = {
			isa = PBXShellScriptBuildPhase;
			buildActionMask = 2147483647;
			files = (
			);
			inputPaths = (
				"${PODS_PODFILE_DIR_PATH}/Podfile.lock",
				"${PODS_ROOT}/Manifest.lock",
			);
			name = "[CP] Check Pods Manifest.lock";
			outputPaths = (
				"$(DERIVED_FILE_DIR)/Pods-Abe-checkManifestLockResult.txt",
			);
			runOnlyForDeploymentPostprocessing = 0;
			shellPath = /bin/sh;
			shellScript = "diff \"${PODS_PODFILE_DIR_PATH}/Podfile.lock\" \"${PODS_ROOT}/Manifest.lock\" > /dev/null\nif [ $? != 0 ] ; then\n    # print error to STDERR\n    echo \"error: The sandbox is not in sync with the Podfile.lock. Run 'pod install' or update your CocoaPods installation.\" >&2\n    exit 1\nfi\n# This output is used by Xcode 'outputs' to avoid re-running this script phase.\necho \"SUCCESS\" > \"${SCRIPT_OUTPUT_FILE_0}\"\n";
			showEnvVarsInLog = 0;
		};
/* End PBXShellScriptBuildPhase section */

/* Begin PBXSourcesBuildPhase section */
		98FEE7771FE4BAD300CD80A8 /* Sources */ = {
			isa = PBXSourcesBuildPhase;
			buildActionMask = 2147483647;
			files = (
				9827AF8D20071D8200357EBF /* ScoreCollectioncellViewModel.swift in Sources */,
				989317241FE6F3E400E2979F /* PromptDetailRouter.swift in Sources */,
				981545D520102EEF0001F675 /* GIFImageService.swift in Sources */,
				98FEE7BD1FE4BC5C00CD80A8 /* PromptsListViewModel.swift in Sources */,
				9862867820006AE300502294 /* RepliesViewController.swift in Sources */,
				98FEE7B51FE4BBDB00CD80A8 /* RealmConfiguration.swift in Sources */,
				98FEE7B71FE4BBFB00CD80A8 /* Prompt.swift in Sources */,
				98FEE7C71FE4C12800CD80A8 /* CreatePromptRouter.swift in Sources */,
				988658F61FE8049900FEB703 /* RealmError.swift in Sources */,
				9883ED651FE70458002E538E /* CreateReplyRouter.swift in Sources */,
				985C2A681FFDC1F40034E116 /* UserDetailsRouter.swift in Sources */,
				9806B9102007DD77000CB497 /* ImageSearchCollectionViewLayout.swift in Sources */,
				984F3786200704E700C62E6E /* ReplyCellViewModel.swift in Sources */,
				9854D252200053A700D7B7EB /* ValueCellDataSource.swift in Sources */,
				980DE5A81FE5A3B50087C6C3 /* ErrorTracker.swift in Sources */,
				98FEE77F1FE4BAD300CD80A8 /* AppDelegate.swift in Sources */,
				9854D2422000186F00D7B7EB /* PromptSummarySectionHeaderView.swift in Sources */,
				9883ED611FE6F810002E538E /* PromptReply.swift in Sources */,
				9806B9122007DDCB000CB497 /* ImageSearchCollectionCell.swift in Sources */,
				98921BB81FE735B8006CCCF6 /* ReplyOptionsViewModel.swift in Sources */,
				98F672011FFEA236001DE88E /* PhoneEntryRouter.swift in Sources */,
				981545D320102E9B0001F675 /* GiphyAPI.swift in Sources */,
				988658FA1FE807B400FEB703 /* Contact.swift in Sources */,
				980DE5B01FE5B47D0087C6C3 /* User.swift in Sources */,
				9806B90E2007DCB1000CB497 /* ImageSearchViewController.swift in Sources */,
				98F671FD1FFEA208001DE88E /* PhoneEntryViewController.swift in Sources */,
				9836044120071021008A975D /* EmptyStateView.swift in Sources */,
				9828ABC3200E6BEB00A3A9D1 /* WebLinkThumbnailService.swift in Sources */,
				9883ED681FE70627002E538E /* PromptReplyTableCell.swift in Sources */,
				9893172B1FE6F41A00E2979F /* CreateReplyViewModel.swift in Sources */,
				983DB1EE200C3C33004FC2D0 /* ReplyVisibilityViewController.swift in Sources */,
				98FEE7BB1FE4BC5400CD80A8 /* PromptsListViewController.swift in Sources */,
				983DB1EC200C3B5A004FC2D0 /* UserContactTableCell.swift in Sources */,
				98FEE7C91FE4CB5000CD80A8 /* PromptView.swift in Sources */,
				9893171D1FE6EF4000E2979F /* RealmRepresentable.swift in Sources */,
				985C2A5A1FFDAC670034E116 /* EnableContactsViewController.swift in Sources */,
				98921BB61FE735AA006CCCF6 /* ReplyOptionsViewController.swift in Sources */,
				983DB1EA200C3ACB004FC2D0 /* GeneralVisibilityTableCell.swift in Sources */,
				988658F81FE8073C00FEB703 /* ContactStore.swift in Sources */,
				980DE5A41FE589310087C6C3 /* Observable+Ext.swift in Sources */,
				9862867A20006AF000502294 /* RepliesViewModel.swift in Sources */,
				98CB44931FFAC82A0085CBFD /* Notifications.swift in Sources */,
				98FEE7B91FE4BC4D00CD80A8 /* PromptsRouter.swift in Sources */,
				985C2A5F1FFDAC9A0034E116 /* EnableContactsRouter.swift in Sources */,
				985C2A611FFDAE040034E116 /* ContactService.swift in Sources */,
				98FEE7DF1FE4D5B000CD80A8 /* RealmAuth.swift in Sources */,
				9836043F20070EC2008A975D /* Extensions.swift in Sources */,
				9828ABCA200E772100A3A9D1 /* AddWebLinkRouter.swift in Sources */,
				981545D7201051340001F675 /* Cache.swift in Sources */,
				981545D1201026EB0001F675 /* Gif.swift in Sources */,
				983DB1E8200C297E004FC2D0 /* ReplyVisibilityViewModel.swift in Sources */,
				98443D15200BFDC200F13562 /* ReplyOptionsDataSource.swift in Sources */,
				98FEE7DB1FE4D22E00CD80A8 /* SignupRouter.swift in Sources */,
				9806B9142007DE5C000CB497 /* ImageSearchViewModel.swift in Sources */,
				98FEE7C31FE4C11C00CD80A8 /* CreatePromptViewModel.swift in Sources */,
				9883ED6A1FE7062D002E538E /* ScoreCollectionCell.swift in Sources */,
				98921BBA1FE735C4006CCCF6 /* ReplyOptionsRouter.swift in Sources */,
				989317261FE6F3E400E2979F /* PromptDetailViewModel.swift in Sources */,
				9806B90B2007CEB2000CB497 /* PixaImageService.swift in Sources */,
				980DE5A91FE5A3B50087C6C3 /* ActivityIndicator.swift in Sources */,
				98FEE7B31FE4BBC000CD80A8 /* RealmInstance.swift in Sources */,
				9893172C1FE6F41A00E2979F /* CreateReplyViewController.swift in Sources */,
				9828ABC8200E745A00A3A9D1 /* AddWebLinkViewController.swift in Sources */,
				98F671FF1FFEA223001DE88E /* PhoneEntryViewModel.swift in Sources */,
				98FEE7C51FE4C12300CD80A8 /* CreatePromptViewController.swift in Sources */,
				98F672031FFF0EA8001DE88E /* PixabayAPI.swift in Sources */,
				9806B91A2007EB83000CB497 /* ImageSearchRouter.swift in Sources */,
				9828ABCC200E9B3500A3A9D1 /* WebLinkView.swift in Sources */,
				984BE287200FF3CA00338C00 /* PromptSummaryView.swift in Sources */,
				98FEE7D71FE4D1D600CD80A8 /* SignupViewModel.swift in Sources */,
				98FEE7D91FE4D1DF00CD80A8 /* SignupViewController.swift in Sources */,
				9828ABC6200E712800A3A9D1 /* AddWebLinkViewModel.swift in Sources */,
				980F50372004571F006C2B83 /* AppController.swift in Sources */,
				9806B9162007E385000CB497 /* ImageSearchDataSource.swift in Sources */,
				985C2A661FFDC1E40034E116 /* UserDetailsViewModel.swift in Sources */,
				9883ED631FE6FB3D002E538E /* UserDefaultsManager.swift in Sources */,
				988658F41FE8045A00FEB703 /* ViewModelType.swift in Sources */,
				985C2A641FFDC1D80034E116 /* UserDetailsViewController.swift in Sources */,
				984F378E200708DB00C62E6E /* ReplyEmptyTableCell.swift in Sources */,
				9854D2542000546B00D7B7EB /* RepliesDataSource.swift in Sources */,
				9827AF922007208D00357EBF /* ScoresCollectionViewFlowLayout.swift in Sources */,
				985C2A5D1FFDAC8E0034E116 /* EnableContactsViewModel.swift in Sources */,
				982531001FF41568000E6E20 /* TabBarView.swift in Sources */,
				9862867320005E0900502294 /* ReplyTableCell.swift in Sources */,
				98FEE7BF1FE4BC6200CD80A8 /* PromptTableCell.swift in Sources */,
				989317251FE6F3E400E2979F /* PromptDetailViewController.swift in Sources */,
				9823322B1FF7E09800C3CB49 /* PromptService.swift in Sources */,
				980DE5B31FE5B51B0087C6C3 /* RealmConstants.swift in Sources */,
				984F378C2007080E00C62E6E /* SavedReplyScoreTableCell.swift in Sources */,
			);
			runOnlyForDeploymentPostprocessing = 0;
		};
		98FEE78B1FE4BAD300CD80A8 /* Sources */ = {
			isa = PBXSourcesBuildPhase;
			buildActionMask = 2147483647;
			files = (
				98FEE7941FE4BAD300CD80A8 /* AbeTests.swift in Sources */,
			);
			runOnlyForDeploymentPostprocessing = 0;
		};
		98FEE7961FE4BAD300CD80A8 /* Sources */ = {
			isa = PBXSourcesBuildPhase;
			buildActionMask = 2147483647;
			files = (
				98FEE79F1FE4BAD300CD80A8 /* AbeUITests.swift in Sources */,
			);
			runOnlyForDeploymentPostprocessing = 0;
		};
/* End PBXSourcesBuildPhase section */

/* Begin PBXTargetDependency section */
		98FEE7911FE4BAD300CD80A8 /* PBXTargetDependency */ = {
			isa = PBXTargetDependency;
			target = 98FEE77A1FE4BAD300CD80A8 /* Abe */;
			targetProxy = 98FEE7901FE4BAD300CD80A8 /* PBXContainerItemProxy */;
		};
		98FEE79C1FE4BAD300CD80A8 /* PBXTargetDependency */ = {
			isa = PBXTargetDependency;
			target = 98FEE77A1FE4BAD300CD80A8 /* Abe */;
			targetProxy = 98FEE79B1FE4BAD300CD80A8 /* PBXContainerItemProxy */;
		};
/* End PBXTargetDependency section */

/* Begin PBXVariantGroup section */
		98FEE7821FE4BAD300CD80A8 /* Main.storyboard */ = {
			isa = PBXVariantGroup;
			children = (
				98FEE7831FE4BAD300CD80A8 /* Base */,
			);
			name = Main.storyboard;
			sourceTree = "<group>";
		};
		98FEE7871FE4BAD300CD80A8 /* LaunchScreen.storyboard */ = {
			isa = PBXVariantGroup;
			children = (
				98FEE7881FE4BAD300CD80A8 /* Base */,
			);
			name = LaunchScreen.storyboard;
			sourceTree = "<group>";
		};
/* End PBXVariantGroup section */

/* Begin XCBuildConfiguration section */
		98FEE7A11FE4BAD300CD80A8 /* Debug */ = {
			isa = XCBuildConfiguration;
			buildSettings = {
				ALWAYS_SEARCH_USER_PATHS = NO;
				CLANG_ANALYZER_NONNULL = YES;
				CLANG_ANALYZER_NUMBER_OBJECT_CONVERSION = YES_AGGRESSIVE;
				CLANG_CXX_LANGUAGE_STANDARD = "gnu++14";
				CLANG_CXX_LIBRARY = "libc++";
				CLANG_ENABLE_MODULES = YES;
				CLANG_ENABLE_OBJC_ARC = YES;
				CLANG_WARN_BLOCK_CAPTURE_AUTORELEASING = YES;
				CLANG_WARN_BOOL_CONVERSION = YES;
				CLANG_WARN_COMMA = YES;
				CLANG_WARN_CONSTANT_CONVERSION = YES;
				CLANG_WARN_DIRECT_OBJC_ISA_USAGE = YES_ERROR;
				CLANG_WARN_DOCUMENTATION_COMMENTS = YES;
				CLANG_WARN_EMPTY_BODY = YES;
				CLANG_WARN_ENUM_CONVERSION = YES;
				CLANG_WARN_INFINITE_RECURSION = YES;
				CLANG_WARN_INT_CONVERSION = YES;
				CLANG_WARN_NON_LITERAL_NULL_CONVERSION = YES;
				CLANG_WARN_OBJC_LITERAL_CONVERSION = YES;
				CLANG_WARN_OBJC_ROOT_CLASS = YES_ERROR;
				CLANG_WARN_RANGE_LOOP_ANALYSIS = YES;
				CLANG_WARN_STRICT_PROTOTYPES = YES;
				CLANG_WARN_SUSPICIOUS_MOVE = YES;
				CLANG_WARN_UNGUARDED_AVAILABILITY = YES_AGGRESSIVE;
				CLANG_WARN_UNREACHABLE_CODE = YES;
				CLANG_WARN__DUPLICATE_METHOD_MATCH = YES;
				CODE_SIGN_IDENTITY = "iPhone Developer";
				COPY_PHASE_STRIP = NO;
				DEBUG_INFORMATION_FORMAT = dwarf;
				ENABLE_STRICT_OBJC_MSGSEND = YES;
				ENABLE_TESTABILITY = YES;
				GCC_C_LANGUAGE_STANDARD = gnu11;
				GCC_DYNAMIC_NO_PIC = NO;
				GCC_NO_COMMON_BLOCKS = YES;
				GCC_OPTIMIZATION_LEVEL = 0;
				GCC_PREPROCESSOR_DEFINITIONS = (
					"DEBUG=1",
					"$(inherited)",
				);
				GCC_WARN_64_TO_32_BIT_CONVERSION = YES;
				GCC_WARN_ABOUT_RETURN_TYPE = YES_ERROR;
				GCC_WARN_UNDECLARED_SELECTOR = YES;
				GCC_WARN_UNINITIALIZED_AUTOS = YES_AGGRESSIVE;
				GCC_WARN_UNUSED_FUNCTION = YES;
				GCC_WARN_UNUSED_VARIABLE = YES;
				IPHONEOS_DEPLOYMENT_TARGET = 11.2;
				MTL_ENABLE_DEBUG_INFO = YES;
				ONLY_ACTIVE_ARCH = YES;
				SDKROOT = iphoneos;
				SWIFT_ACTIVE_COMPILATION_CONDITIONS = DEBUG;
				SWIFT_OPTIMIZATION_LEVEL = "-Onone";
			};
			name = Debug;
		};
		98FEE7A21FE4BAD300CD80A8 /* Release */ = {
			isa = XCBuildConfiguration;
			buildSettings = {
				ALWAYS_SEARCH_USER_PATHS = NO;
				CLANG_ANALYZER_NONNULL = YES;
				CLANG_ANALYZER_NUMBER_OBJECT_CONVERSION = YES_AGGRESSIVE;
				CLANG_CXX_LANGUAGE_STANDARD = "gnu++14";
				CLANG_CXX_LIBRARY = "libc++";
				CLANG_ENABLE_MODULES = YES;
				CLANG_ENABLE_OBJC_ARC = YES;
				CLANG_WARN_BLOCK_CAPTURE_AUTORELEASING = YES;
				CLANG_WARN_BOOL_CONVERSION = YES;
				CLANG_WARN_COMMA = YES;
				CLANG_WARN_CONSTANT_CONVERSION = YES;
				CLANG_WARN_DIRECT_OBJC_ISA_USAGE = YES_ERROR;
				CLANG_WARN_DOCUMENTATION_COMMENTS = YES;
				CLANG_WARN_EMPTY_BODY = YES;
				CLANG_WARN_ENUM_CONVERSION = YES;
				CLANG_WARN_INFINITE_RECURSION = YES;
				CLANG_WARN_INT_CONVERSION = YES;
				CLANG_WARN_NON_LITERAL_NULL_CONVERSION = YES;
				CLANG_WARN_OBJC_LITERAL_CONVERSION = YES;
				CLANG_WARN_OBJC_ROOT_CLASS = YES_ERROR;
				CLANG_WARN_RANGE_LOOP_ANALYSIS = YES;
				CLANG_WARN_STRICT_PROTOTYPES = YES;
				CLANG_WARN_SUSPICIOUS_MOVE = YES;
				CLANG_WARN_UNGUARDED_AVAILABILITY = YES_AGGRESSIVE;
				CLANG_WARN_UNREACHABLE_CODE = YES;
				CLANG_WARN__DUPLICATE_METHOD_MATCH = YES;
				CODE_SIGN_IDENTITY = "iPhone Developer";
				COPY_PHASE_STRIP = NO;
				DEBUG_INFORMATION_FORMAT = "dwarf-with-dsym";
				ENABLE_NS_ASSERTIONS = NO;
				ENABLE_STRICT_OBJC_MSGSEND = YES;
				GCC_C_LANGUAGE_STANDARD = gnu11;
				GCC_NO_COMMON_BLOCKS = YES;
				GCC_WARN_64_TO_32_BIT_CONVERSION = YES;
				GCC_WARN_ABOUT_RETURN_TYPE = YES_ERROR;
				GCC_WARN_UNDECLARED_SELECTOR = YES;
				GCC_WARN_UNINITIALIZED_AUTOS = YES_AGGRESSIVE;
				GCC_WARN_UNUSED_FUNCTION = YES;
				GCC_WARN_UNUSED_VARIABLE = YES;
				IPHONEOS_DEPLOYMENT_TARGET = 11.2;
				MTL_ENABLE_DEBUG_INFO = NO;
				SDKROOT = iphoneos;
				SWIFT_OPTIMIZATION_LEVEL = "-Owholemodule";
				VALIDATE_PRODUCT = YES;
			};
			name = Release;
		};
		98FEE7A41FE4BAD300CD80A8 /* Debug */ = {
			isa = XCBuildConfiguration;
			baseConfigurationReference = 8DD8E150FA4D35820E08A943 /* Pods-Abe.debug.xcconfig */;
			buildSettings = {
				ASSETCATALOG_COMPILER_APPICON_NAME = AppIcon;
				CODE_SIGN_STYLE = Automatic;
				DEVELOPMENT_TEAM = 26Z24PM6F7;
				INFOPLIST_FILE = Abe/Info.plist;
				IPHONEOS_DEPLOYMENT_TARGET = 10.0;
				LD_RUNPATH_SEARCH_PATHS = "$(inherited) @executable_path/Frameworks";
				PRODUCT_BUNDLE_IDENTIFIER = clukLabs.Abe;
				PRODUCT_NAME = "$(TARGET_NAME)";
				SWIFT_VERSION = 4.0;
				TARGETED_DEVICE_FAMILY = "1,2";
			};
			name = Debug;
		};
		98FEE7A51FE4BAD300CD80A8 /* Release */ = {
			isa = XCBuildConfiguration;
			baseConfigurationReference = 2ED6DE227012B4C169B41D2D /* Pods-Abe.release.xcconfig */;
			buildSettings = {
				ASSETCATALOG_COMPILER_APPICON_NAME = AppIcon;
				CODE_SIGN_STYLE = Automatic;
				DEVELOPMENT_TEAM = 26Z24PM6F7;
				INFOPLIST_FILE = Abe/Info.plist;
				IPHONEOS_DEPLOYMENT_TARGET = 10.0;
				LD_RUNPATH_SEARCH_PATHS = "$(inherited) @executable_path/Frameworks";
				PRODUCT_BUNDLE_IDENTIFIER = clukLabs.Abe;
				PRODUCT_NAME = "$(TARGET_NAME)";
				SWIFT_VERSION = 4.0;
				TARGETED_DEVICE_FAMILY = "1,2";
			};
			name = Release;
		};
		98FEE7A71FE4BAD300CD80A8 /* Debug */ = {
			isa = XCBuildConfiguration;
			buildSettings = {
				ALWAYS_EMBED_SWIFT_STANDARD_LIBRARIES = YES;
				BUNDLE_LOADER = "$(TEST_HOST)";
				CODE_SIGN_STYLE = Automatic;
				DEVELOPMENT_TEAM = 26Z24PM6F7;
				INFOPLIST_FILE = AbeTests/Info.plist;
				LD_RUNPATH_SEARCH_PATHS = "$(inherited) @executable_path/Frameworks @loader_path/Frameworks";
				PRODUCT_BUNDLE_IDENTIFIER = clukLabs.AbeTests;
				PRODUCT_NAME = "$(TARGET_NAME)";
				SWIFT_VERSION = 4.0;
				TARGETED_DEVICE_FAMILY = "1,2";
				TEST_HOST = "$(BUILT_PRODUCTS_DIR)/Abe.app/Abe";
			};
			name = Debug;
		};
		98FEE7A81FE4BAD300CD80A8 /* Release */ = {
			isa = XCBuildConfiguration;
			buildSettings = {
				ALWAYS_EMBED_SWIFT_STANDARD_LIBRARIES = YES;
				BUNDLE_LOADER = "$(TEST_HOST)";
				CODE_SIGN_STYLE = Automatic;
				DEVELOPMENT_TEAM = 26Z24PM6F7;
				INFOPLIST_FILE = AbeTests/Info.plist;
				LD_RUNPATH_SEARCH_PATHS = "$(inherited) @executable_path/Frameworks @loader_path/Frameworks";
				PRODUCT_BUNDLE_IDENTIFIER = clukLabs.AbeTests;
				PRODUCT_NAME = "$(TARGET_NAME)";
				SWIFT_VERSION = 4.0;
				TARGETED_DEVICE_FAMILY = "1,2";
				TEST_HOST = "$(BUILT_PRODUCTS_DIR)/Abe.app/Abe";
			};
			name = Release;
		};
		98FEE7AA1FE4BAD300CD80A8 /* Debug */ = {
			isa = XCBuildConfiguration;
			buildSettings = {
				ALWAYS_EMBED_SWIFT_STANDARD_LIBRARIES = YES;
				CODE_SIGN_STYLE = Automatic;
				DEVELOPMENT_TEAM = 26Z24PM6F7;
				INFOPLIST_FILE = AbeUITests/Info.plist;
				LD_RUNPATH_SEARCH_PATHS = "$(inherited) @executable_path/Frameworks @loader_path/Frameworks";
				PRODUCT_BUNDLE_IDENTIFIER = clukLabs.AbeUITests;
				PRODUCT_NAME = "$(TARGET_NAME)";
				SWIFT_VERSION = 4.0;
				TARGETED_DEVICE_FAMILY = "1,2";
				TEST_TARGET_NAME = Abe;
			};
			name = Debug;
		};
		98FEE7AB1FE4BAD300CD80A8 /* Release */ = {
			isa = XCBuildConfiguration;
			buildSettings = {
				ALWAYS_EMBED_SWIFT_STANDARD_LIBRARIES = YES;
				CODE_SIGN_STYLE = Automatic;
				DEVELOPMENT_TEAM = 26Z24PM6F7;
				INFOPLIST_FILE = AbeUITests/Info.plist;
				LD_RUNPATH_SEARCH_PATHS = "$(inherited) @executable_path/Frameworks @loader_path/Frameworks";
				PRODUCT_BUNDLE_IDENTIFIER = clukLabs.AbeUITests;
				PRODUCT_NAME = "$(TARGET_NAME)";
				SWIFT_VERSION = 4.0;
				TARGETED_DEVICE_FAMILY = "1,2";
				TEST_TARGET_NAME = Abe;
			};
			name = Release;
		};
/* End XCBuildConfiguration section */

/* Begin XCConfigurationList section */
		98FEE7761FE4BAD300CD80A8 /* Build configuration list for PBXProject "Abe" */ = {
			isa = XCConfigurationList;
			buildConfigurations = (
				98FEE7A11FE4BAD300CD80A8 /* Debug */,
				98FEE7A21FE4BAD300CD80A8 /* Release */,
			);
			defaultConfigurationIsVisible = 0;
			defaultConfigurationName = Release;
		};
		98FEE7A31FE4BAD300CD80A8 /* Build configuration list for PBXNativeTarget "Abe" */ = {
			isa = XCConfigurationList;
			buildConfigurations = (
				98FEE7A41FE4BAD300CD80A8 /* Debug */,
				98FEE7A51FE4BAD300CD80A8 /* Release */,
			);
			defaultConfigurationIsVisible = 0;
			defaultConfigurationName = Release;
		};
		98FEE7A61FE4BAD300CD80A8 /* Build configuration list for PBXNativeTarget "AbeTests" */ = {
			isa = XCConfigurationList;
			buildConfigurations = (
				98FEE7A71FE4BAD300CD80A8 /* Debug */,
				98FEE7A81FE4BAD300CD80A8 /* Release */,
			);
			defaultConfigurationIsVisible = 0;
			defaultConfigurationName = Release;
		};
		98FEE7A91FE4BAD300CD80A8 /* Build configuration list for PBXNativeTarget "AbeUITests" */ = {
			isa = XCConfigurationList;
			buildConfigurations = (
				98FEE7AA1FE4BAD300CD80A8 /* Debug */,
				98FEE7AB1FE4BAD300CD80A8 /* Release */,
			);
			defaultConfigurationIsVisible = 0;
			defaultConfigurationName = Release;
		};
/* End XCConfigurationList section */
	};
	rootObject = 98FEE7731FE4BAD300CD80A8 /* Project object */;
}
